// !$*UTF8*$!
{
	archiveVersion = 1;
	classes = {
	};
	objectVersion = 56;
	objects = {

/* Begin PBXBuildFile section */
		75D113562ABE2E7500BF8874 /* DrillBuddyApp.swift in Sources */ = {isa = PBXBuildFile; fileRef = 75D113552ABE2E7500BF8874 /* DrillBuddyApp.swift */; };
		75D113582ABE2E7500BF8874 /* ContentView.swift in Sources */ = {isa = PBXBuildFile; fileRef = 75D113572ABE2E7500BF8874 /* ContentView.swift */; };
		75D1135A2ABE2E7500BF8874 /* Item.swift in Sources */ = {isa = PBXBuildFile; fileRef = 75D113592ABE2E7500BF8874 /* Item.swift */; };
		75D1135C2ABE2E7B00BF8874 /* Assets.xcassets in Resources */ = {isa = PBXBuildFile; fileRef = 75D1135B2ABE2E7B00BF8874 /* Assets.xcassets */; };
		75D113602ABE2E7B00BF8874 /* Preview Assets.xcassets in Resources */ = {isa = PBXBuildFile; fileRef = 75D1135F2ABE2E7B00BF8874 /* Preview Assets.xcassets */; };
		75D1136C2ABE2F4900BF8874 /* LaunchScreenStoryboard.storyboard in Resources */ = {isa = PBXBuildFile; fileRef = 75D1136B2ABE2F4900BF8874 /* LaunchScreenStoryboard.storyboard */; };
		75D1136E2ABE308C00BF8874 /* SessionsListView.swift in Sources */ = {isa = PBXBuildFile; fileRef = 75D1136D2ABE308C00BF8874 /* SessionsListView.swift */; };
		75D113712ABE331600BF8874 /* DrillsSessionsContainer.swift in Sources */ = {isa = PBXBuildFile; fileRef = 75D113702ABE331600BF8874 /* DrillsSessionsContainer.swift */; };
		75D113732ABE3A7A00BF8874 /* DrillContainerPreviewData.swift in Sources */ = {isa = PBXBuildFile; fileRef = 75D113722ABE3A7A00BF8874 /* DrillContainerPreviewData.swift */; };
/* End PBXBuildFile section */

/* Begin PBXFileReference section */
		75D113522ABE2E7500BF8874 /* DrillBuddy.app */ = {isa = PBXFileReference; explicitFileType = wrapper.application; includeInIndex = 0; path = DrillBuddy.app; sourceTree = BUILT_PRODUCTS_DIR; };
		75D113552ABE2E7500BF8874 /* DrillBuddyApp.swift */ = {isa = PBXFileReference; lastKnownFileType = sourcecode.swift; path = DrillBuddyApp.swift; sourceTree = "<group>"; };
		75D113572ABE2E7500BF8874 /* ContentView.swift */ = {isa = PBXFileReference; lastKnownFileType = sourcecode.swift; path = ContentView.swift; sourceTree = "<group>"; };
		75D113592ABE2E7500BF8874 /* Item.swift */ = {isa = PBXFileReference; lastKnownFileType = sourcecode.swift; path = Item.swift; sourceTree = "<group>"; };
		75D1135B2ABE2E7B00BF8874 /* Assets.xcassets */ = {isa = PBXFileReference; lastKnownFileType = folder.assetcatalog; path = Assets.xcassets; sourceTree = "<group>"; };
		75D1135D2ABE2E7B00BF8874 /* DrillBuddy.entitlements */ = {isa = PBXFileReference; lastKnownFileType = text.plist.entitlements; path = DrillBuddy.entitlements; sourceTree = "<group>"; };
		75D1135F2ABE2E7B00BF8874 /* Preview Assets.xcassets */ = {isa = PBXFileReference; lastKnownFileType = folder.assetcatalog; path = "Preview Assets.xcassets"; sourceTree = "<group>"; };
		75D113612ABE2E7B00BF8874 /* Info.plist */ = {isa = PBXFileReference; lastKnownFileType = text.plist.xml; path = Info.plist; sourceTree = "<group>"; };
		75D1136B2ABE2F4900BF8874 /* LaunchScreenStoryboard.storyboard */ = {isa = PBXFileReference; lastKnownFileType = file.storyboard; path = LaunchScreenStoryboard.storyboard; sourceTree = "<group>"; };
		75D1136D2ABE308C00BF8874 /* SessionsListView.swift */ = {isa = PBXFileReference; lastKnownFileType = sourcecode.swift; path = SessionsListView.swift; sourceTree = "<group>"; };
		75D113702ABE331600BF8874 /* DrillsSessionsContainer.swift */ = {isa = PBXFileReference; lastKnownFileType = sourcecode.swift; path = DrillsSessionsContainer.swift; sourceTree = "<group>"; };
		75D113722ABE3A7A00BF8874 /* DrillContainerPreviewData.swift */ = {isa = PBXFileReference; lastKnownFileType = sourcecode.swift; path = DrillContainerPreviewData.swift; sourceTree = "<group>"; };
/* End PBXFileReference section */

/* Begin PBXFrameworksBuildPhase section */
		75D1134F2ABE2E7500BF8874 /* Frameworks */ = {
			isa = PBXFrameworksBuildPhase;
			buildActionMask = 2147483647;
			files = (
			);
			runOnlyForDeploymentPostprocessing = 0;
		};
/* End PBXFrameworksBuildPhase section */

/* Begin PBXGroup section */
		75D113492ABE2E7500BF8874 = {
			isa = PBXGroup;
			children = (
				75D113542ABE2E7500BF8874 /* DrillBuddy */,
				75D113532ABE2E7500BF8874 /* Products */,
			);
			sourceTree = "<group>";
		};
		75D113532ABE2E7500BF8874 /* Products */ = {
			isa = PBXGroup;
			children = (
				75D113522ABE2E7500BF8874 /* DrillBuddy.app */,
			);
			name = Products;
			sourceTree = "<group>";
		};
		75D113542ABE2E7500BF8874 /* DrillBuddy */ = {
			isa = PBXGroup;
			children = (
				75D113672ABE2EE100BF8874 /* App */,
				75D113682ABE2EE600BF8874 /* Views */,
				75D113692ABE2EF000BF8874 /* Resources */,
				75D1135E2ABE2E7B00BF8874 /* Preview Content */,
			);
			path = DrillBuddy;
			sourceTree = "<group>";
		};
		75D1135E2ABE2E7B00BF8874 /* Preview Content */ = {
			isa = PBXGroup;
			children = (
				75D1135F2ABE2E7B00BF8874 /* Preview Assets.xcassets */,
				75D113722ABE3A7A00BF8874 /* DrillContainerPreviewData.swift */,
			);
			path = "Preview Content";
			sourceTree = "<group>";
		};
		75D113672ABE2EE100BF8874 /* App */ = {
			isa = PBXGroup;
			children = (
				75D113552ABE2E7500BF8874 /* DrillBuddyApp.swift */,
			);
			path = App;
			sourceTree = "<group>";
		};
		75D113682ABE2EE600BF8874 /* Views */ = {
			isa = PBXGroup;
			children = (
				75D1136A2ABE2F3700BF8874 /* Launch Screen */,
				75D113572ABE2E7500BF8874 /* ContentView.swift */,
				75D1136D2ABE308C00BF8874 /* SessionsListView.swift */,
			);
			path = Views;
			sourceTree = "<group>";
		};
		75D113692ABE2EF000BF8874 /* Resources */ = {
			isa = PBXGroup;
			children = (
				75D1135B2ABE2E7B00BF8874 /* Assets.xcassets */,
				75D1135D2ABE2E7B00BF8874 /* DrillBuddy.entitlements */,
				75D113612ABE2E7B00BF8874 /* Info.plist */,
				75D1136F2ABE32F100BF8874 /* Models */,
			);
			path = Resources;
			sourceTree = "<group>";
		};
		75D1136A2ABE2F3700BF8874 /* Launch Screen */ = {
			isa = PBXGroup;
			children = (
				75D1136B2ABE2F4900BF8874 /* LaunchScreenStoryboard.storyboard */,
			);
			path = "Launch Screen";
			sourceTree = "<group>";
		};
		75D1136F2ABE32F100BF8874 /* Models */ = {
			isa = PBXGroup;
			children = (
				75D113592ABE2E7500BF8874 /* Item.swift */,
				75D113702ABE331600BF8874 /* DrillsSessionsContainer.swift */,
			);
			path = Models;
			sourceTree = "<group>";
		};
/* End PBXGroup section */

/* Begin PBXNativeTarget section */
		75D113512ABE2E7500BF8874 /* DrillBuddy */ = {
			isa = PBXNativeTarget;
			buildConfigurationList = 75D113642ABE2E7B00BF8874 /* Build configuration list for PBXNativeTarget "DrillBuddy" */;
			buildPhases = (
				75D1134E2ABE2E7500BF8874 /* Sources */,
				75D1134F2ABE2E7500BF8874 /* Frameworks */,
				75D113502ABE2E7500BF8874 /* Resources */,
			);
			buildRules = (
			);
			dependencies = (
			);
			name = DrillBuddy;
			productName = DrillBuddy;
			productReference = 75D113522ABE2E7500BF8874 /* DrillBuddy.app */;
			productType = "com.apple.product-type.application";
		};
/* End PBXNativeTarget section */

/* Begin PBXProject section */
		75D1134A2ABE2E7500BF8874 /* Project object */ = {
			isa = PBXProject;
			attributes = {
				BuildIndependentTargetsInParallel = 1;
				LastSwiftUpdateCheck = 1500;
				LastUpgradeCheck = 1500;
				TargetAttributes = {
					75D113512ABE2E7500BF8874 = {
						CreatedOnToolsVersion = 15.0;
					};
				};
			};
			buildConfigurationList = 75D1134D2ABE2E7500BF8874 /* Build configuration list for PBXProject "DrillBuddy" */;
			compatibilityVersion = "Xcode 14.0";
			developmentRegion = en;
			hasScannedForEncodings = 0;
			knownRegions = (
				en,
				Base,
			);
			mainGroup = 75D113492ABE2E7500BF8874;
			productRefGroup = 75D113532ABE2E7500BF8874 /* Products */;
			projectDirPath = "";
			projectRoot = "";
			targets = (
				75D113512ABE2E7500BF8874 /* DrillBuddy */,
			);
		};
/* End PBXProject section */

/* Begin PBXResourcesBuildPhase section */
		75D113502ABE2E7500BF8874 /* Resources */ = {
			isa = PBXResourcesBuildPhase;
			buildActionMask = 2147483647;
			files = (
				75D1136C2ABE2F4900BF8874 /* LaunchScreenStoryboard.storyboard in Resources */,
				75D113602ABE2E7B00BF8874 /* Preview Assets.xcassets in Resources */,
				75D1135C2ABE2E7B00BF8874 /* Assets.xcassets in Resources */,
			);
			runOnlyForDeploymentPostprocessing = 0;
		};
/* End PBXResourcesBuildPhase section */

/* Begin PBXSourcesBuildPhase section */
		75D1134E2ABE2E7500BF8874 /* Sources */ = {
			isa = PBXSourcesBuildPhase;
			buildActionMask = 2147483647;
			files = (
				75D113582ABE2E7500BF8874 /* ContentView.swift in Sources */,
				75D1135A2ABE2E7500BF8874 /* Item.swift in Sources */,
				75D113732ABE3A7A00BF8874 /* DrillContainerPreviewData.swift in Sources */,
				75D113712ABE331600BF8874 /* DrillsSessionsContainer.swift in Sources */,
				75D113562ABE2E7500BF8874 /* DrillBuddyApp.swift in Sources */,
				75D1136E2ABE308C00BF8874 /* SessionsListView.swift in Sources */,
			);
			runOnlyForDeploymentPostprocessing = 0;
		};
/* End PBXSourcesBuildPhase section */

/* Begin XCBuildConfiguration section */
		75D113622ABE2E7B00BF8874 /* Debug */ = {
			isa = XCBuildConfiguration;
			buildSettings = {
				ALWAYS_SEARCH_USER_PATHS = NO;
				ASSETCATALOG_COMPILER_GENERATE_SWIFT_ASSET_SYMBOL_EXTENSIONS = YES;
				CLANG_ANALYZER_NONNULL = YES;
				CLANG_ANALYZER_NUMBER_OBJECT_CONVERSION = YES_AGGRESSIVE;
				CLANG_CXX_LANGUAGE_STANDARD = "gnu++20";
				CLANG_ENABLE_MODULES = YES;
				CLANG_ENABLE_OBJC_ARC = YES;
				CLANG_ENABLE_OBJC_WEAK = YES;
				CLANG_WARN_BLOCK_CAPTURE_AUTORELEASING = YES;
				CLANG_WARN_BOOL_CONVERSION = YES;
				CLANG_WARN_COMMA = YES;
				CLANG_WARN_CONSTANT_CONVERSION = YES;
				CLANG_WARN_DEPRECATED_OBJC_IMPLEMENTATIONS = YES;
				CLANG_WARN_DIRECT_OBJC_ISA_USAGE = YES_ERROR;
				CLANG_WARN_DOCUMENTATION_COMMENTS = YES;
				CLANG_WARN_EMPTY_BODY = YES;
				CLANG_WARN_ENUM_CONVERSION = YES;
				CLANG_WARN_INFINITE_RECURSION = YES;
				CLANG_WARN_INT_CONVERSION = YES;
				CLANG_WARN_NON_LITERAL_NULL_CONVERSION = YES;
				CLANG_WARN_OBJC_IMPLICIT_RETAIN_SELF = YES;
				CLANG_WARN_OBJC_LITERAL_CONVERSION = YES;
				CLANG_WARN_OBJC_ROOT_CLASS = YES_ERROR;
				CLANG_WARN_QUOTED_INCLUDE_IN_FRAMEWORK_HEADER = YES;
				CLANG_WARN_RANGE_LOOP_ANALYSIS = YES;
				CLANG_WARN_STRICT_PROTOTYPES = YES;
				CLANG_WARN_SUSPICIOUS_MOVE = YES;
				CLANG_WARN_UNGUARDED_AVAILABILITY = YES_AGGRESSIVE;
				CLANG_WARN_UNREACHABLE_CODE = YES;
				CLANG_WARN__DUPLICATE_METHOD_MATCH = YES;
				COPY_PHASE_STRIP = NO;
				DEBUG_INFORMATION_FORMAT = dwarf;
				ENABLE_STRICT_OBJC_MSGSEND = YES;
				ENABLE_TESTABILITY = YES;
				ENABLE_USER_SCRIPT_SANDBOXING = YES;
				GCC_C_LANGUAGE_STANDARD = gnu17;
				GCC_DYNAMIC_NO_PIC = NO;
				GCC_NO_COMMON_BLOCKS = YES;
				GCC_OPTIMIZATION_LEVEL = 0;
				GCC_PREPROCESSOR_DEFINITIONS = (
					"DEBUG=1",
					"$(inherited)",
				);
				GCC_WARN_64_TO_32_BIT_CONVERSION = YES;
				GCC_WARN_ABOUT_RETURN_TYPE = YES_ERROR;
				GCC_WARN_UNDECLARED_SELECTOR = YES;
				GCC_WARN_UNINITIALIZED_AUTOS = YES_AGGRESSIVE;
				GCC_WARN_UNUSED_FUNCTION = YES;
				GCC_WARN_UNUSED_VARIABLE = YES;
				LOCALIZATION_PREFERS_STRING_CATALOGS = YES;
				MTL_ENABLE_DEBUG_INFO = INCLUDE_SOURCE;
				MTL_FAST_MATH = YES;
				ONLY_ACTIVE_ARCH = YES;
				SWIFT_ACTIVE_COMPILATION_CONDITIONS = "DEBUG $(inherited)";
				SWIFT_OPTIMIZATION_LEVEL = "-Onone";
			};
			name = Debug;
		};
		75D113632ABE2E7B00BF8874 /* Release */ = {
			isa = XCBuildConfiguration;
			buildSettings = {
				ALWAYS_SEARCH_USER_PATHS = NO;
				ASSETCATALOG_COMPILER_GENERATE_SWIFT_ASSET_SYMBOL_EXTENSIONS = YES;
				CLANG_ANALYZER_NONNULL = YES;
				CLANG_ANALYZER_NUMBER_OBJECT_CONVERSION = YES_AGGRESSIVE;
				CLANG_CXX_LANGUAGE_STANDARD = "gnu++20";
				CLANG_ENABLE_MODULES = YES;
				CLANG_ENABLE_OBJC_ARC = YES;
				CLANG_ENABLE_OBJC_WEAK = YES;
				CLANG_WARN_BLOCK_CAPTURE_AUTORELEASING = YES;
				CLANG_WARN_BOOL_CONVERSION = YES;
				CLANG_WARN_COMMA = YES;
				CLANG_WARN_CONSTANT_CONVERSION = YES;
				CLANG_WARN_DEPRECATED_OBJC_IMPLEMENTATIONS = YES;
				CLANG_WARN_DIRECT_OBJC_ISA_USAGE = YES_ERROR;
				CLANG_WARN_DOCUMENTATION_COMMENTS = YES;
				CLANG_WARN_EMPTY_BODY = YES;
				CLANG_WARN_ENUM_CONVERSION = YES;
				CLANG_WARN_INFINITE_RECURSION = YES;
				CLANG_WARN_INT_CONVERSION = YES;
				CLANG_WARN_NON_LITERAL_NULL_CONVERSION = YES;
				CLANG_WARN_OBJC_IMPLICIT_RETAIN_SELF = YES;
				CLANG_WARN_OBJC_LITERAL_CONVERSION = YES;
				CLANG_WARN_OBJC_ROOT_CLASS = YES_ERROR;
				CLANG_WARN_QUOTED_INCLUDE_IN_FRAMEWORK_HEADER = YES;
				CLANG_WARN_RANGE_LOOP_ANALYSIS = YES;
				CLANG_WARN_STRICT_PROTOTYPES = YES;
				CLANG_WARN_SUSPICIOUS_MOVE = YES;
				CLANG_WARN_UNGUARDED_AVAILABILITY = YES_AGGRESSIVE;
				CLANG_WARN_UNREACHABLE_CODE = YES;
				CLANG_WARN__DUPLICATE_METHOD_MATCH = YES;
				COPY_PHASE_STRIP = NO;
				DEBUG_INFORMATION_FORMAT = "dwarf-with-dsym";
				ENABLE_NS_ASSERTIONS = NO;
				ENABLE_STRICT_OBJC_MSGSEND = YES;
				ENABLE_USER_SCRIPT_SANDBOXING = YES;
				GCC_C_LANGUAGE_STANDARD = gnu17;
				GCC_NO_COMMON_BLOCKS = YES;
				GCC_WARN_64_TO_32_BIT_CONVERSION = YES;
				GCC_WARN_ABOUT_RETURN_TYPE = YES_ERROR;
				GCC_WARN_UNDECLARED_SELECTOR = YES;
				GCC_WARN_UNINITIALIZED_AUTOS = YES_AGGRESSIVE;
				GCC_WARN_UNUSED_FUNCTION = YES;
				GCC_WARN_UNUSED_VARIABLE = YES;
				LOCALIZATION_PREFERS_STRING_CATALOGS = YES;
				MTL_ENABLE_DEBUG_INFO = NO;
				MTL_FAST_MATH = YES;
				SWIFT_COMPILATION_MODE = wholemodule;
			};
			name = Release;
		};
		75D113652ABE2E7B00BF8874 /* Debug */ = {
			isa = XCBuildConfiguration;
			buildSettings = {
				ASSETCATALOG_COMPILER_APPICON_NAME = AppIcon;
				ASSETCATALOG_COMPILER_GLOBAL_ACCENT_COLOR_NAME = AccentColor;
				CODE_SIGN_ENTITLEMENTS = DrillBuddy/DrillBuddy.entitlements;
				CODE_SIGN_STYLE = Automatic;
				CURRENT_PROJECT_VERSION = 1;
				DEVELOPMENT_ASSET_PATHS = "\"DrillBuddy/Preview Content\"";
				DEVELOPMENT_TEAM = JL6XT94C4X;
				ENABLE_HARDENED_RUNTIME = YES;
				ENABLE_PREVIEWS = YES;
				GENERATE_INFOPLIST_FILE = YES;
				INFOPLIST_FILE = DrillBuddy/Info.plist;
				"INFOPLIST_KEY_UIApplicationSceneManifest_Generation[sdk=iphoneos*]" = YES;
				"INFOPLIST_KEY_UIApplicationSceneManifest_Generation[sdk=iphonesimulator*]" = YES;
				"INFOPLIST_KEY_UIApplicationSupportsIndirectInputEvents[sdk=iphoneos*]" = YES;
				"INFOPLIST_KEY_UIApplicationSupportsIndirectInputEvents[sdk=iphonesimulator*]" = YES;
				"INFOPLIST_KEY_UILaunchScreen_Generation[sdk=iphoneos*]" = YES;
				"INFOPLIST_KEY_UILaunchScreen_Generation[sdk=iphonesimulator*]" = YES;
				INFOPLIST_KEY_UILaunchStoryboardName = LaunchScreenStoryboard.storyboard;
				"INFOPLIST_KEY_UIStatusBarStyle[sdk=iphoneos*]" = UIStatusBarStyleDefault;
				"INFOPLIST_KEY_UIStatusBarStyle[sdk=iphonesimulator*]" = UIStatusBarStyleDefault;
				INFOPLIST_KEY_UISupportedInterfaceOrientations_iPad = "UIInterfaceOrientationPortrait UIInterfaceOrientationPortraitUpsideDown UIInterfaceOrientationLandscapeLeft UIInterfaceOrientationLandscapeRight";
				INFOPLIST_KEY_UISupportedInterfaceOrientations_iPhone = "UIInterfaceOrientationPortrait UIInterfaceOrientationLandscapeLeft UIInterfaceOrientationLandscapeRight";
				IPHONEOS_DEPLOYMENT_TARGET = 17.0;
				LD_RUNPATH_SEARCH_PATHS = "@executable_path/Frameworks";
				"LD_RUNPATH_SEARCH_PATHS[sdk=macosx*]" = "@executable_path/../Frameworks";
				MACOSX_DEPLOYMENT_TARGET = 14.0;
				MARKETING_VERSION = 1.0;
				PRODUCT_BUNDLE_IDENTIFIER = bakehouse.DrillBuddy;
				PRODUCT_NAME = "$(TARGET_NAME)";
				SDKROOT = auto;
				SUPPORTED_PLATFORMS = "iphoneos iphonesimulator macosx";
				SWIFT_EMIT_LOC_STRINGS = YES;
				SWIFT_VERSION = 5.0;
				TARGETED_DEVICE_FAMILY = "1,2";
			};
			name = Debug;
		};
		75D113662ABE2E7B00BF8874 /* Release */ = {
			isa = XCBuildConfiguration;
			buildSettings = {
				ASSETCATALOG_COMPILER_APPICON_NAME = AppIcon;
				ASSETCATALOG_COMPILER_GLOBAL_ACCENT_COLOR_NAME = AccentColor;
				CODE_SIGN_ENTITLEMENTS = DrillBuddy/DrillBuddy.entitlements;
				CODE_SIGN_STYLE = Automatic;
				CURRENT_PROJECT_VERSION = 1;
				DEVELOPMENT_ASSET_PATHS = "\"DrillBuddy/Preview Content\"";
				DEVELOPMENT_TEAM = JL6XT94C4X;
				ENABLE_HARDENED_RUNTIME = YES;
				ENABLE_PREVIEWS = YES;
				GENERATE_INFOPLIST_FILE = YES;
				INFOPLIST_FILE = DrillBuddy/Info.plist;
				"INFOPLIST_KEY_UIApplicationSceneManifest_Generation[sdk=iphoneos*]" = YES;
				"INFOPLIST_KEY_UIApplicationSceneManifest_Generation[sdk=iphonesimulator*]" = YES;
				"INFOPLIST_KEY_UIApplicationSupportsIndirectInputEvents[sdk=iphoneos*]" = YES;
				"INFOPLIST_KEY_UIApplicationSupportsIndirectInputEvents[sdk=iphonesimulator*]" = YES;
				"INFOPLIST_KEY_UILaunchScreen_Generation[sdk=iphoneos*]" = YES;
				"INFOPLIST_KEY_UILaunchScreen_Generation[sdk=iphonesimulator*]" = YES;
				INFOPLIST_KEY_UILaunchStoryboardName = LaunchScreenStoryboard.storyboard;
				"INFOPLIST_KEY_UIStatusBarStyle[sdk=iphoneos*]" = UIStatusBarStyleDefault;
				"INFOPLIST_KEY_UIStatusBarStyle[sdk=iphonesimulator*]" = UIStatusBarStyleDefault;
				INFOPLIST_KEY_UISupportedInterfaceOrientations_iPad = "UIInterfaceOrientationPortrait UIInterfaceOrientationPortraitUpsideDown UIInterfaceOrientationLandscapeLeft UIInterfaceOrientationLandscapeRight";
				INFOPLIST_KEY_UISupportedInterfaceOrientations_iPhone = "UIInterfaceOrientationPortrait UIInterfaceOrientationLandscapeLeft UIInterfaceOrientationLandscapeRight";
				IPHONEOS_DEPLOYMENT_TARGET = 17.0;
				LD_RUNPATH_SEARCH_PATHS = "@executable_path/Frameworks";
				"LD_RUNPATH_SEARCH_PATHS[sdk=macosx*]" = "@executable_path/../Frameworks";
				MACOSX_DEPLOYMENT_TARGET = 14.0;
				MARKETING_VERSION = 1.0;
				PRODUCT_BUNDLE_IDENTIFIER = bakehouse.DrillBuddy;
				PRODUCT_NAME = "$(TARGET_NAME)";
				SDKROOT = auto;
				SUPPORTED_PLATFORMS = "iphoneos iphonesimulator macosx";
				SWIFT_EMIT_LOC_STRINGS = YES;
				SWIFT_VERSION = 5.0;
				TARGETED_DEVICE_FAMILY = "1,2";
			};
			name = Release;
		};
/* End XCBuildConfiguration section */

/* Begin XCConfigurationList section */
		75D1134D2ABE2E7500BF8874 /* Build configuration list for PBXProject "DrillBuddy" */ = {
			isa = XCConfigurationList;
			buildConfigurations = (
				75D113622ABE2E7B00BF8874 /* Debug */,
				75D113632ABE2E7B00BF8874 /* Release */,
			);
			defaultConfigurationIsVisible = 0;
			defaultConfigurationName = Release;
		};
		75D113642ABE2E7B00BF8874 /* Build configuration list for PBXNativeTarget "DrillBuddy" */ = {
			isa = XCConfigurationList;
			buildConfigurations = (
				75D113652ABE2E7B00BF8874 /* Debug */,
				75D113662ABE2E7B00BF8874 /* Release */,
			);
			defaultConfigurationIsVisible = 0;
			defaultConfigurationName = Release;
		};
/* End XCConfigurationList section */
	};
	rootObject = 75D1134A2ABE2E7500BF8874 /* Project object */;
}
