// !$*UTF8*$!
{
	archiveVersion = 1;
	classes = {
	};
	objectVersion = 56;
	objects = {

/* Begin PBXBuildFile section */
		751CBCB82ABE7AB000141805 /* DrillBuddy Watch App.app in Embed Watch Content */ = {isa = PBXBuildFile; fileRef = 751CBCAB2ABE7AAD00141805 /* DrillBuddy Watch App.app */; settings = {ATTRIBUTES = (RemoveHeadersOnCopy, ); }; };
		7548387C2ABE7B1000146415 /* Assets.xcassets in Resources */ = {isa = PBXBuildFile; fileRef = 754838772ABE7B1000146415 /* Assets.xcassets */; };
		7548387D2ABE7B1000146415 /* Preview Assets.xcassets in Resources */ = {isa = PBXBuildFile; fileRef = 754838792ABE7B1000146415 /* Preview Assets.xcassets */; };
		754838822ABE7B5300146415 /* DrillBuddyApp.swift in Sources */ = {isa = PBXBuildFile; fileRef = 75D113552ABE2E7500BF8874 /* DrillBuddyApp.swift */; };
		754838832ABE7B5700146415 /* DrillsSessionsContainer.swift in Sources */ = {isa = PBXBuildFile; fileRef = 75D113702ABE331600BF8874 /* DrillsSessionsContainer.swift */; };
		754838852ABE7B8600146415 /* View+Extension.swift in Sources */ = {isa = PBXBuildFile; fileRef = 75D113752ABE4EE200BF8874 /* View+Extension.swift */; };
		754838862ABE7B8B00146415 /* DrillContainerPreviewData.swift in Sources */ = {isa = PBXBuildFile; fileRef = 75D113722ABE3A7A00BF8874 /* DrillContainerPreviewData.swift */; };
		7572F0142ABF1D14001E2F3C /* MainTabView.swift in Sources */ = {isa = PBXBuildFile; fileRef = 7572F0132ABF1D14001E2F3C /* MainTabView.swift */; };
		7572F0162ABF5DE8001E2F3C /* AppError.swift in Sources */ = {isa = PBXBuildFile; fileRef = 7572F0152ABF5DE8001E2F3C /* AppError.swift */; };
		7572F0172ABF5E10001E2F3C /* AppError.swift in Sources */ = {isa = PBXBuildFile; fileRef = 7572F0152ABF5DE8001E2F3C /* AppError.swift */; };
		7572F01E2ABF61A4001E2F3C /* DrillConfigurationView.swift in Sources */ = {isa = PBXBuildFile; fileRef = 7572F01D2ABF61A4001E2F3C /* DrillConfigurationView.swift */; };
		7572F01F2ABF61A4001E2F3C /* DrillConfigurationView.swift in Sources */ = {isa = PBXBuildFile; fileRef = 7572F01D2ABF61A4001E2F3C /* DrillConfigurationView.swift */; };
		7572F0212ABF7CCA001E2F3C /* DrillRecordingConfiguration.swift in Sources */ = {isa = PBXBuildFile; fileRef = 7572F0202ABF7CCA001E2F3C /* DrillRecordingConfiguration.swift */; };
		7572F0222ABF7CCA001E2F3C /* DrillRecordingConfiguration.swift in Sources */ = {isa = PBXBuildFile; fileRef = 7572F0202ABF7CCA001E2F3C /* DrillRecordingConfiguration.swift */; };
		7572F0252ABFACB4001E2F3C /* DrillRecordingView.swift in Sources */ = {isa = PBXBuildFile; fileRef = 7572F0242ABFACB4001E2F3C /* DrillRecordingView.swift */; };
		7572F0282ABFB326001E2F3C /* WatchSessionDelegate.swift in Sources */ = {isa = PBXBuildFile; fileRef = 7572F0272ABFB326001E2F3C /* WatchSessionDelegate.swift */; };
		7572F0292ABFB326001E2F3C /* WatchSessionDelegate.swift in Sources */ = {isa = PBXBuildFile; fileRef = 7572F0272ABFB326001E2F3C /* WatchSessionDelegate.swift */; };
		7572F02B2AC0A62A001E2F3C /* WatchDataSynchronizer.swift in Sources */ = {isa = PBXBuildFile; fileRef = 7572F02A2AC0A62A001E2F3C /* WatchDataSynchronizer.swift */; };
		7572F02C2AC0A62A001E2F3C /* WatchDataSynchronizer.swift in Sources */ = {isa = PBXBuildFile; fileRef = 7572F02A2AC0A62A001E2F3C /* WatchDataSynchronizer.swift */; };
		7572F02F2AC22FCA001E2F3C /* WatchDataSyncHandler.swift in Sources */ = {isa = PBXBuildFile; fileRef = 7572F02E2AC22FCA001E2F3C /* WatchDataSyncHandler.swift */; };
		7572F0302AC22FCA001E2F3C /* WatchDataSyncHandler.swift in Sources */ = {isa = PBXBuildFile; fileRef = 7572F02E2AC22FCA001E2F3C /* WatchDataSyncHandler.swift */; };
		7572F0332AC24A64001E2F3C /* SyncData.swift in Sources */ = {isa = PBXBuildFile; fileRef = 7572F0322AC24A64001E2F3C /* SyncData.swift */; };
		7572F0342AC24A64001E2F3C /* SyncData.swift in Sources */ = {isa = PBXBuildFile; fileRef = 7572F0322AC24A64001E2F3C /* SyncData.swift */; };
		7572F0362AC24AAE001E2F3C /* SyncResponse.swift in Sources */ = {isa = PBXBuildFile; fileRef = 7572F0352AC24AAE001E2F3C /* SyncResponse.swift */; };
		7572F0372AC24AAE001E2F3C /* SyncResponse.swift in Sources */ = {isa = PBXBuildFile; fileRef = 7572F0352AC24AAE001E2F3C /* SyncResponse.swift */; };
		7572F0392AC25356001E2F3C /* Drill.swift in Sources */ = {isa = PBXBuildFile; fileRef = 7572F0382AC25356001E2F3C /* Drill.swift */; };
		7572F03A2AC25356001E2F3C /* Drill.swift in Sources */ = {isa = PBXBuildFile; fileRef = 7572F0382AC25356001E2F3C /* Drill.swift */; };
		75D113562ABE2E7500BF8874 /* DrillBuddyApp.swift in Sources */ = {isa = PBXBuildFile; fileRef = 75D113552ABE2E7500BF8874 /* DrillBuddyApp.swift */; };
		75D1135C2ABE2E7B00BF8874 /* Assets.xcassets in Resources */ = {isa = PBXBuildFile; fileRef = 75D1135B2ABE2E7B00BF8874 /* Assets.xcassets */; };
		75D113602ABE2E7B00BF8874 /* Preview Assets.xcassets in Resources */ = {isa = PBXBuildFile; fileRef = 75D1135F2ABE2E7B00BF8874 /* Preview Assets.xcassets */; };
		75D1136C2ABE2F4900BF8874 /* LaunchScreenStoryboard.storyboard in Resources */ = {isa = PBXBuildFile; fileRef = 75D1136B2ABE2F4900BF8874 /* LaunchScreenStoryboard.storyboard */; };
		75D1136E2ABE308C00BF8874 /* SessionsListView.swift in Sources */ = {isa = PBXBuildFile; fileRef = 75D1136D2ABE308C00BF8874 /* SessionsListView.swift */; };
		75D113712ABE331600BF8874 /* DrillsSessionsContainer.swift in Sources */ = {isa = PBXBuildFile; fileRef = 75D113702ABE331600BF8874 /* DrillsSessionsContainer.swift */; };
		75D113732ABE3A7A00BF8874 /* DrillContainerPreviewData.swift in Sources */ = {isa = PBXBuildFile; fileRef = 75D113722ABE3A7A00BF8874 /* DrillContainerPreviewData.swift */; };
		75D113762ABE4EE200BF8874 /* View+Extension.swift in Sources */ = {isa = PBXBuildFile; fileRef = 75D113752ABE4EE200BF8874 /* View+Extension.swift */; };
		FE1D1CF52AF31F2500BF8506 /* ProfileView.swift in Sources */ = {isa = PBXBuildFile; fileRef = FE1D1CF42AF31F2500BF8506 /* ProfileView.swift */; };
		FE1D1CF82AF324A700BF8506 /* AuthenticationView.swift in Sources */ = {isa = PBXBuildFile; fileRef = FE1D1CF72AF324A700BF8506 /* AuthenticationView.swift */; };
		FE1D1CFA2AF32A0500BF8506 /* AuthenticationService.swift in Sources */ = {isa = PBXBuildFile; fileRef = FE1D1CF92AF32A0500BF8506 /* AuthenticationService.swift */; };
		FE1D1CFC2AF3303D00BF8506 /* LocalizedErrorInfo.swift in Sources */ = {isa = PBXBuildFile; fileRef = FE1D1CFB2AF3303D00BF8506 /* LocalizedErrorInfo.swift */; };
		FE1D1CFD2AF3303D00BF8506 /* LocalizedErrorInfo.swift in Sources */ = {isa = PBXBuildFile; fileRef = FE1D1CFB2AF3303D00BF8506 /* LocalizedErrorInfo.swift */; };
		FE1D1D002AF4471800BF8506 /* Firestore+Extensions.swift in Sources */ = {isa = PBXBuildFile; fileRef = FE1D1CFF2AF4471800BF8506 /* Firestore+Extensions.swift */; };
		FE1D1D022AF44FDA00BF8506 /* UserStorage.swift in Sources */ = {isa = PBXBuildFile; fileRef = FE1D1D012AF44FDA00BF8506 /* UserStorage.swift */; };
		FE1D1D042AF4501200BF8506 /* UserInfo.swift in Sources */ = {isa = PBXBuildFile; fileRef = FE1D1D032AF4501200BF8506 /* UserInfo.swift */; };
		FE1D1D082AF45E4700BF8506 /* LoadingViewModifier.swift in Sources */ = {isa = PBXBuildFile; fileRef = FE1D1D072AF45E4700BF8506 /* LoadingViewModifier.swift */; };
		FE1D1D092AF45E4700BF8506 /* LoadingViewModifier.swift in Sources */ = {isa = PBXBuildFile; fileRef = FE1D1D072AF45E4700BF8506 /* LoadingViewModifier.swift */; };
		FE1D1D0B2AF464EF00BF8506 /* UserStoragePreviewData.swift in Sources */ = {isa = PBXBuildFile; fileRef = FE1D1D0A2AF464EF00BF8506 /* UserStoragePreviewData.swift */; };
		FE241E4E2AF1E00500E693BD /* FirestoreService.swift in Sources */ = {isa = PBXBuildFile; fileRef = FE241E4D2AF1E00500E693BD /* FirestoreService.swift */; };
		FE254A152ADB3600000602AA /* DetectSoundsView.swift in Sources */ = {isa = PBXBuildFile; fileRef = FE254A142ADB3600000602AA /* DetectSoundsView.swift */; };
		FE254A162ADB7744000602AA /* DetectSoundsView.swift in Sources */ = {isa = PBXBuildFile; fileRef = FE254A142ADB3600000602AA /* DetectSoundsView.swift */; };
		FE254A182ADDF765000602AA /* DrillRecordingView.swift in Sources */ = {isa = PBXBuildFile; fileRef = FE254A172ADDF765000602AA /* DrillRecordingView.swift */; };
		FE254A1A2ADDF7A5000602AA /* TimeInterval+Extension.swift in Sources */ = {isa = PBXBuildFile; fileRef = FE254A192ADDF7A5000602AA /* TimeInterval+Extension.swift */; };
		FE254A1B2ADDF7AF000602AA /* TimeInterval+Extension.swift in Sources */ = {isa = PBXBuildFile; fileRef = FE254A192ADDF7A5000602AA /* TimeInterval+Extension.swift */; };
		FE254A1E2ADF6EF9000602AA /* DrillDetailView.swift in Sources */ = {isa = PBXBuildFile; fileRef = FE254A1D2ADF6EF9000602AA /* DrillDetailView.swift */; };
		FE254A212AE851CD000602AA /* DrillEntry.swift in Sources */ = {isa = PBXBuildFile; fileRef = FE254A202AE851CD000602AA /* DrillEntry.swift */; };
		FE254A222AE851CD000602AA /* DrillEntry.swift in Sources */ = {isa = PBXBuildFile; fileRef = FE254A202AE851CD000602AA /* DrillEntry.swift */; };
		FE254A242AE877A2000602AA /* AudioView.swift in Sources */ = {isa = PBXBuildFile; fileRef = FE254A232AE877A2000602AA /* AudioView.swift */; };
		FE254A252AE877A2000602AA /* AudioView.swift in Sources */ = {isa = PBXBuildFile; fileRef = FE254A232AE877A2000602AA /* AudioView.swift */; };
		FE254A282AE9DA85000602AA /* Hydrogen.mp3 in Resources */ = {isa = PBXBuildFile; fileRef = FE254A272AE9DA85000602AA /* Hydrogen.mp3 */; };
		FE254A292AE9DA85000602AA /* Hydrogen.mp3 in Resources */ = {isa = PBXBuildFile; fileRef = FE254A272AE9DA85000602AA /* Hydrogen.mp3 */; };
		FE254A2E2AE9E028000602AA /* Synthetic-Shot-Timer.wav in Resources */ = {isa = PBXBuildFile; fileRef = FE254A2B2AE9E028000602AA /* Synthetic-Shot-Timer.wav */; };
		FE254A2F2AE9E028000602AA /* Synthetic-Shot-Timer.wav in Resources */ = {isa = PBXBuildFile; fileRef = FE254A2B2AE9E028000602AA /* Synthetic-Shot-Timer.wav */; };
		FE254A302AE9E028000602AA /* beep-06.mp3 in Resources */ = {isa = PBXBuildFile; fileRef = FE254A2C2AE9E028000602AA /* beep-06.mp3 */; };
		FE254A312AE9E028000602AA /* beep-06.mp3 in Resources */ = {isa = PBXBuildFile; fileRef = FE254A2C2AE9E028000602AA /* beep-06.mp3 */; };
		FE254A322AE9E028000602AA /* beep-07.mp3 in Resources */ = {isa = PBXBuildFile; fileRef = FE254A2D2AE9E028000602AA /* beep-07.mp3 */; };
		FE254A332AE9E028000602AA /* beep-07.mp3 in Resources */ = {isa = PBXBuildFile; fileRef = FE254A2D2AE9E028000602AA /* beep-07.mp3 */; };
		FE254A362AEDCE32000602AA /* TournamentsListView.swift in Sources */ = {isa = PBXBuildFile; fileRef = FE254A352AEDCE32000602AA /* TournamentsListView.swift */; };
		FE254A382AEDD3DC000602AA /* TournamentDetailView.swift in Sources */ = {isa = PBXBuildFile; fileRef = FE254A372AEDD3DB000602AA /* TournamentDetailView.swift */; };
		FE254A3A2AF0583B000602AA /* Tournament.swift in Sources */ = {isa = PBXBuildFile; fileRef = FE254A392AF0583B000602AA /* Tournament.swift */; };
		FE254A3B2AF0583B000602AA /* Tournament.swift in Sources */ = {isa = PBXBuildFile; fileRef = FE254A392AF0583B000602AA /* Tournament.swift */; };
		FE254A3E2AF065CD000602AA /* TournamentDetailView.swift in Sources */ = {isa = PBXBuildFile; fileRef = FE254A3D2AF065CD000602AA /* TournamentDetailView.swift */; };
		FE254A402AF087D6000602AA /* GunType.swift in Sources */ = {isa = PBXBuildFile; fileRef = FE254A3F2AF087D6000602AA /* GunType.swift */; };
		FE254A412AF087D9000602AA /* GunType.swift in Sources */ = {isa = PBXBuildFile; fileRef = FE254A3F2AF087D6000602AA /* GunType.swift */; };
		FE254A442AF1BB35000602AA /* UsernameInputView.swift in Sources */ = {isa = PBXBuildFile; fileRef = FE254A432AF1BB35000602AA /* UsernameInputView.swift */; };
		FE254A462AF1D061000602AA /* NSUbiquitousKeyValueStore+Extension.swift in Sources */ = {isa = PBXBuildFile; fileRef = FE254A452AF1D061000602AA /* NSUbiquitousKeyValueStore+Extension.swift */; };
		FE254A4B2AF1D4D4000602AA /* TournamentPreviewData.swift in Sources */ = {isa = PBXBuildFile; fileRef = FE254A4A2AF1D4D4000602AA /* TournamentPreviewData.swift */; };
		FE254A4C2AF1D4D4000602AA /* TournamentPreviewData.swift in Sources */ = {isa = PBXBuildFile; fileRef = FE254A4A2AF1D4D4000602AA /* TournamentPreviewData.swift */; };
		FE254A4D2AF1D674000602AA /* NSUbiquitousKeyValueStore+Extension.swift in Sources */ = {isa = PBXBuildFile; fileRef = FE254A452AF1D061000602AA /* NSUbiquitousKeyValueStore+Extension.swift */; };
		FE28D27A2AF308B30074BC98 /* MainTabView.swift in Sources */ = {isa = PBXBuildFile; fileRef = FE28D2792AF308B30074BC98 /* MainTabView.swift */; };
		FE3DD1662B1FFAF600D7FA45 /* AppRemoteConfig.swift in Sources */ = {isa = PBXBuildFile; fileRef = FE3DD1652B1FFAF600D7FA45 /* AppRemoteConfig.swift */; };
		FE3DD1672B1FFAF900D7FA45 /* AppRemoteConfig.swift in Sources */ = {isa = PBXBuildFile; fileRef = FE3DD1652B1FFAF600D7FA45 /* AppRemoteConfig.swift */; };
		FE3DD1692B20057A00D7FA45 /* UserDefaults+Extension.swift in Sources */ = {isa = PBXBuildFile; fileRef = FE3DD1682B20057A00D7FA45 /* UserDefaults+Extension.swift */; };
		FE3DD16A2B20057A00D7FA45 /* UserDefaults+Extension.swift in Sources */ = {isa = PBXBuildFile; fileRef = FE3DD1682B20057A00D7FA45 /* UserDefaults+Extension.swift */; };
		FE3DD1A52B20118200D7FA45 /* ModelContext+Extension.swift in Sources */ = {isa = PBXBuildFile; fileRef = FE3DD1A42B20118200D7FA45 /* ModelContext+Extension.swift */; };
		FE3DD1A62B20118200D7FA45 /* ModelContext+Extension.swift in Sources */ = {isa = PBXBuildFile; fileRef = FE3DD1A42B20118200D7FA45 /* ModelContext+Extension.swift */; };
		FE5C20102AF9C284008A9B1A /* Leaderboard.swift in Sources */ = {isa = PBXBuildFile; fileRef = FE5C200F2AF9C284008A9B1A /* Leaderboard.swift */; };
		FE5C20112AF9C284008A9B1A /* Leaderboard.swift in Sources */ = {isa = PBXBuildFile; fileRef = FE5C200F2AF9C284008A9B1A /* Leaderboard.swift */; };
		FE5C20132AFB1018008A9B1A /* UserInfo.swift in Sources */ = {isa = PBXBuildFile; fileRef = FE1D1D032AF4501200BF8506 /* UserInfo.swift */; };
		FE5C20152AFB2507008A9B1A /* LeaderboardPreviewData.swift in Sources */ = {isa = PBXBuildFile; fileRef = FE5C20142AFB2507008A9B1A /* LeaderboardPreviewData.swift */; };
		FE5C201A2AFB2695008A9B1A /* LeaderboardView.swift in Sources */ = {isa = PBXBuildFile; fileRef = FE5C20192AFB2695008A9B1A /* LeaderboardView.swift */; };
		FE5C201C2AFC7929008A9B1A /* LeaderboardEntryDetailView.swift in Sources */ = {isa = PBXBuildFile; fileRef = FE5C201B2AFC7929008A9B1A /* LeaderboardEntryDetailView.swift */; };
		FE5C201D2AFDBE21008A9B1A /* UserStoragePreviewData.swift in Sources */ = {isa = PBXBuildFile; fileRef = FE1D1D0A2AF464EF00BF8506 /* UserStoragePreviewData.swift */; };
		FE5C201E2AFDBE53008A9B1A /* UserStorage.swift in Sources */ = {isa = PBXBuildFile; fileRef = FE1D1D012AF44FDA00BF8506 /* UserStorage.swift */; };
		FE5C20202B001BA5008A9B1A /* DrillParameterInfoView.swift in Sources */ = {isa = PBXBuildFile; fileRef = FE5C201F2B001BA5008A9B1A /* DrillParameterInfoView.swift */; };
		FE5C20232B003228008A9B1A /* DrillParameterInfoFactory.swift in Sources */ = {isa = PBXBuildFile; fileRef = FE5C20222B003228008A9B1A /* DrillParameterInfoFactory.swift */; };
		FE5C20242B0033D7008A9B1A /* DrillParameterInfoFactory.swift in Sources */ = {isa = PBXBuildFile; fileRef = FE5C20222B003228008A9B1A /* DrillParameterInfoFactory.swift */; };
		FE5C20252B0033DF008A9B1A /* DrillParameterInfoView.swift in Sources */ = {isa = PBXBuildFile; fileRef = FE5C201F2B001BA5008A9B1A /* DrillParameterInfoView.swift */; };
		FE5C20272B007828008A9B1A /* Logger.swift in Sources */ = {isa = PBXBuildFile; fileRef = FE5C20262B007828008A9B1A /* Logger.swift */; };
		FE5C20292B00796C008A9B1A /* FirebaseCrashlytics in Frameworks */ = {isa = PBXBuildFile; productRef = FE5C20282B00796C008A9B1A /* FirebaseCrashlytics */; };
		FE5F223C2AF2E7A600C83412 /* FirebaseAnalytics in Frameworks */ = {isa = PBXBuildFile; productRef = FE5F223B2AF2E7A600C83412 /* FirebaseAnalytics */; };
		FE5F22402AF2E7A600C83412 /* FirebaseAnalyticsWithoutAdIdSupport in Frameworks */ = {isa = PBXBuildFile; productRef = FE5F223F2AF2E7A600C83412 /* FirebaseAnalyticsWithoutAdIdSupport */; };
		FE5F22422AF2E7A600C83412 /* FirebaseAuth in Frameworks */ = {isa = PBXBuildFile; productRef = FE5F22412AF2E7A600C83412 /* FirebaseAuth */; };
		FE5F22442AF2E7A600C83412 /* FirebaseAuthCombine-Community in Frameworks */ = {isa = PBXBuildFile; productRef = FE5F22432AF2E7A600C83412 /* FirebaseAuthCombine-Community */; };
		FE5F22462AF2E7A600C83412 /* FirebaseFirestore in Frameworks */ = {isa = PBXBuildFile; productRef = FE5F22452AF2E7A600C83412 /* FirebaseFirestore */; };
		FE5F22482AF2E7A600C83412 /* FirebaseFirestoreCombine-Community in Frameworks */ = {isa = PBXBuildFile; productRef = FE5F22472AF2E7A600C83412 /* FirebaseFirestoreCombine-Community */; };
		FE5F224A2AF2E7A600C83412 /* FirebaseFirestoreSwift in Frameworks */ = {isa = PBXBuildFile; productRef = FE5F22492AF2E7A600C83412 /* FirebaseFirestoreSwift */; };
		FE5F224C2AF2E7A600C83412 /* FirebaseRemoteConfig in Frameworks */ = {isa = PBXBuildFile; productRef = FE5F224B2AF2E7A600C83412 /* FirebaseRemoteConfig */; };
		FE5F224E2AF2E7A600C83412 /* FirebaseRemoteConfigSwift in Frameworks */ = {isa = PBXBuildFile; productRef = FE5F224D2AF2E7A600C83412 /* FirebaseRemoteConfigSwift */; };
		FE66290D2AF30B870059B521 /* GoogleService-Info.plist in Resources */ = {isa = PBXBuildFile; fileRef = FE66290C2AF30B870059B521 /* GoogleService-Info.plist */; };
		FE66290E2AF30B870059B521 /* GoogleService-Info.plist in Resources */ = {isa = PBXBuildFile; fileRef = FE66290C2AF30B870059B521 /* GoogleService-Info.plist */; };
		FEE455492AC8BB4700569414 /* AudioSessionManager.swift in Sources */ = {isa = PBXBuildFile; fileRef = FEE455482AC8BB4700569414 /* AudioSessionManager.swift */; };
		FEE4554A2AC8BB4700569414 /* AudioSessionManager.swift in Sources */ = {isa = PBXBuildFile; fileRef = FEE455482AC8BB4700569414 /* AudioSessionManager.swift */; };
		FEE4554C2AC8BB6200569414 /* AudioRecorder.swift in Sources */ = {isa = PBXBuildFile; fileRef = FEE4554B2AC8BB6200569414 /* AudioRecorder.swift */; };
		FEE4554D2AC8BB6200569414 /* AudioRecorder.swift in Sources */ = {isa = PBXBuildFile; fileRef = FEE4554B2AC8BB6200569414 /* AudioRecorder.swift */; };
		FEE455502AC8BD8600569414 /* SoundIdentifier.swift in Sources */ = {isa = PBXBuildFile; fileRef = FEE4554F2AC8BD8600569414 /* SoundIdentifier.swift */; };
		FEE455512AC8BD8600569414 /* SoundIdentifier.swift in Sources */ = {isa = PBXBuildFile; fileRef = FEE4554F2AC8BD8600569414 /* SoundIdentifier.swift */; };
		FEE455532AC8BE4C00569414 /* ClassificationResultsSubject.swift in Sources */ = {isa = PBXBuildFile; fileRef = FEE455522AC8BE4C00569414 /* ClassificationResultsSubject.swift */; };
		FEE455542AC8BE4C00569414 /* ClassificationResultsSubject.swift in Sources */ = {isa = PBXBuildFile; fileRef = FEE455522AC8BE4C00569414 /* ClassificationResultsSubject.swift */; };
		FEE455562AC8BE5400569414 /* AudioClassifier.swift in Sources */ = {isa = PBXBuildFile; fileRef = FEE455552AC8BE5400569414 /* AudioClassifier.swift */; };
		FEE455572AC8BE5400569414 /* AudioClassifier.swift in Sources */ = {isa = PBXBuildFile; fileRef = FEE455552AC8BE5400569414 /* AudioClassifier.swift */; };
		FEE455592AC8C17500569414 /* DrillRecordingViewModel.swift in Sources */ = {isa = PBXBuildFile; fileRef = FEE455582AC8C17500569414 /* DrillRecordingViewModel.swift */; };
		FEE4555A2AC8C17500569414 /* DrillRecordingViewModel.swift in Sources */ = {isa = PBXBuildFile; fileRef = FEE455582AC8C17500569414 /* DrillRecordingViewModel.swift */; };
		FEE4555D2AC8E49B00569414 /* HapticFeedbackGenerator.swift in Sources */ = {isa = PBXBuildFile; fileRef = FEE4555C2AC8E49B00569414 /* HapticFeedbackGenerator.swift */; };
		FEE455632AD73FF700569414 /* HapticFeedbackGenerator.swift in Sources */ = {isa = PBXBuildFile; fileRef = FEE4555C2AC8E49B00569414 /* HapticFeedbackGenerator.swift */; };
		FEE608602B1564FF00CEA999 /* Logger.swift in Sources */ = {isa = PBXBuildFile; fileRef = FE5C20262B007828008A9B1A /* Logger.swift */; };
		FEE608622B15722400CEA999 /* AudioRecordingPathGenerator.swift in Sources */ = {isa = PBXBuildFile; fileRef = FEE608612B15722400CEA999 /* AudioRecordingPathGenerator.swift */; };
		FEE608632B15722A00CEA999 /* AudioRecordingPathGenerator.swift in Sources */ = {isa = PBXBuildFile; fileRef = FEE608612B15722400CEA999 /* AudioRecordingPathGenerator.swift */; };
		FEF627572AF86390003DC443 /* TournamentEntry.swift in Sources */ = {isa = PBXBuildFile; fileRef = FEF627562AF86390003DC443 /* TournamentEntry.swift */; };
		FEF627582AF86390003DC443 /* TournamentEntry.swift in Sources */ = {isa = PBXBuildFile; fileRef = FEF627562AF86390003DC443 /* TournamentEntry.swift */; };
/* End PBXBuildFile section */

/* Begin PBXContainerItemProxy section */
		751CBCB62ABE7AB000141805 /* PBXContainerItemProxy */ = {
			isa = PBXContainerItemProxy;
			containerPortal = 75D1134A2ABE2E7500BF8874 /* Project object */;
			proxyType = 1;
			remoteGlobalIDString = 751CBCAA2ABE7AAD00141805;
			remoteInfo = "DrillBuddyWatch Watch App";
		};
/* End PBXContainerItemProxy section */

/* Begin PBXCopyFilesBuildPhase section */
		751CBCB92ABE7AB000141805 /* Embed Watch Content */ = {
			isa = PBXCopyFilesBuildPhase;
			buildActionMask = 2147483647;
			dstPath = "$(CONTENTS_FOLDER_PATH)/Watch";
			dstSubfolderSpec = 16;
			files = (
				751CBCB82ABE7AB000141805 /* DrillBuddy Watch App.app in Embed Watch Content */,
			);
			name = "Embed Watch Content";
			runOnlyForDeploymentPostprocessing = 0;
		};
/* End PBXCopyFilesBuildPhase section */

/* Begin PBXFileReference section */
		751CBCAB2ABE7AAD00141805 /* DrillBuddy Watch App.app */ = {isa = PBXFileReference; explicitFileType = wrapper.application; includeInIndex = 0; path = "DrillBuddy Watch App.app"; sourceTree = BUILT_PRODUCTS_DIR; };
		754838772ABE7B1000146415 /* Assets.xcassets */ = {isa = PBXFileReference; lastKnownFileType = folder.assetcatalog; path = Assets.xcassets; sourceTree = "<group>"; };
		754838792ABE7B1000146415 /* Preview Assets.xcassets */ = {isa = PBXFileReference; lastKnownFileType = folder.assetcatalog; path = "Preview Assets.xcassets"; sourceTree = "<group>"; };
		7572F0132ABF1D14001E2F3C /* MainTabView.swift */ = {isa = PBXFileReference; lastKnownFileType = sourcecode.swift; path = MainTabView.swift; sourceTree = "<group>"; };
		7572F0152ABF5DE8001E2F3C /* AppError.swift */ = {isa = PBXFileReference; lastKnownFileType = sourcecode.swift; path = AppError.swift; sourceTree = "<group>"; };
		7572F01D2ABF61A4001E2F3C /* DrillConfigurationView.swift */ = {isa = PBXFileReference; lastKnownFileType = sourcecode.swift; path = DrillConfigurationView.swift; sourceTree = "<group>"; };
		7572F0202ABF7CCA001E2F3C /* DrillRecordingConfiguration.swift */ = {isa = PBXFileReference; lastKnownFileType = sourcecode.swift; path = DrillRecordingConfiguration.swift; sourceTree = "<group>"; };
		7572F0242ABFACB4001E2F3C /* DrillRecordingView.swift */ = {isa = PBXFileReference; lastKnownFileType = sourcecode.swift; path = DrillRecordingView.swift; sourceTree = "<group>"; };
		7572F0272ABFB326001E2F3C /* WatchSessionDelegate.swift */ = {isa = PBXFileReference; lastKnownFileType = sourcecode.swift; path = WatchSessionDelegate.swift; sourceTree = "<group>"; };
		7572F02A2AC0A62A001E2F3C /* WatchDataSynchronizer.swift */ = {isa = PBXFileReference; lastKnownFileType = sourcecode.swift; path = WatchDataSynchronizer.swift; sourceTree = "<group>"; };
		7572F02E2AC22FCA001E2F3C /* WatchDataSyncHandler.swift */ = {isa = PBXFileReference; lastKnownFileType = sourcecode.swift; path = WatchDataSyncHandler.swift; sourceTree = "<group>"; };
		7572F0322AC24A64001E2F3C /* SyncData.swift */ = {isa = PBXFileReference; lastKnownFileType = sourcecode.swift; path = SyncData.swift; sourceTree = "<group>"; };
		7572F0352AC24AAE001E2F3C /* SyncResponse.swift */ = {isa = PBXFileReference; lastKnownFileType = sourcecode.swift; path = SyncResponse.swift; sourceTree = "<group>"; };
		7572F0382AC25356001E2F3C /* Drill.swift */ = {isa = PBXFileReference; lastKnownFileType = sourcecode.swift; path = Drill.swift; sourceTree = "<group>"; };
		75D113522ABE2E7500BF8874 /* DrillBuddy.app */ = {isa = PBXFileReference; explicitFileType = wrapper.application; includeInIndex = 0; path = DrillBuddy.app; sourceTree = BUILT_PRODUCTS_DIR; };
		75D113552ABE2E7500BF8874 /* DrillBuddyApp.swift */ = {isa = PBXFileReference; lastKnownFileType = sourcecode.swift; path = DrillBuddyApp.swift; sourceTree = "<group>"; };
		75D1135B2ABE2E7B00BF8874 /* Assets.xcassets */ = {isa = PBXFileReference; lastKnownFileType = folder.assetcatalog; path = Assets.xcassets; sourceTree = "<group>"; };
		75D1135D2ABE2E7B00BF8874 /* DrillBuddy.entitlements */ = {isa = PBXFileReference; lastKnownFileType = text.plist.entitlements; path = DrillBuddy.entitlements; sourceTree = "<group>"; };
		75D1135F2ABE2E7B00BF8874 /* Preview Assets.xcassets */ = {isa = PBXFileReference; lastKnownFileType = folder.assetcatalog; path = "Preview Assets.xcassets"; sourceTree = "<group>"; };
		75D113612ABE2E7B00BF8874 /* Info.plist */ = {isa = PBXFileReference; lastKnownFileType = text.plist.xml; path = Info.plist; sourceTree = "<group>"; };
		75D1136B2ABE2F4900BF8874 /* LaunchScreenStoryboard.storyboard */ = {isa = PBXFileReference; lastKnownFileType = file.storyboard; path = LaunchScreenStoryboard.storyboard; sourceTree = "<group>"; };
		75D1136D2ABE308C00BF8874 /* SessionsListView.swift */ = {isa = PBXFileReference; lastKnownFileType = sourcecode.swift; path = SessionsListView.swift; sourceTree = "<group>"; };
		75D113702ABE331600BF8874 /* DrillsSessionsContainer.swift */ = {isa = PBXFileReference; lastKnownFileType = sourcecode.swift; path = DrillsSessionsContainer.swift; sourceTree = "<group>"; };
		75D113722ABE3A7A00BF8874 /* DrillContainerPreviewData.swift */ = {isa = PBXFileReference; lastKnownFileType = sourcecode.swift; path = DrillContainerPreviewData.swift; sourceTree = "<group>"; };
		75D113752ABE4EE200BF8874 /* View+Extension.swift */ = {isa = PBXFileReference; lastKnownFileType = sourcecode.swift; path = "View+Extension.swift"; sourceTree = "<group>"; };
		FE1D1CF42AF31F2500BF8506 /* ProfileView.swift */ = {isa = PBXFileReference; lastKnownFileType = sourcecode.swift; path = ProfileView.swift; sourceTree = "<group>"; };
		FE1D1CF72AF324A700BF8506 /* AuthenticationView.swift */ = {isa = PBXFileReference; lastKnownFileType = sourcecode.swift; path = AuthenticationView.swift; sourceTree = "<group>"; };
		FE1D1CF92AF32A0500BF8506 /* AuthenticationService.swift */ = {isa = PBXFileReference; lastKnownFileType = sourcecode.swift; path = AuthenticationService.swift; sourceTree = "<group>"; };
		FE1D1CFB2AF3303D00BF8506 /* LocalizedErrorInfo.swift */ = {isa = PBXFileReference; lastKnownFileType = sourcecode.swift; path = LocalizedErrorInfo.swift; sourceTree = "<group>"; };
		FE1D1CFF2AF4471800BF8506 /* Firestore+Extensions.swift */ = {isa = PBXFileReference; lastKnownFileType = sourcecode.swift; path = "Firestore+Extensions.swift"; sourceTree = "<group>"; };
		FE1D1D012AF44FDA00BF8506 /* UserStorage.swift */ = {isa = PBXFileReference; lastKnownFileType = sourcecode.swift; path = UserStorage.swift; sourceTree = "<group>"; };
		FE1D1D032AF4501200BF8506 /* UserInfo.swift */ = {isa = PBXFileReference; lastKnownFileType = sourcecode.swift; path = UserInfo.swift; sourceTree = "<group>"; };
		FE1D1D072AF45E4700BF8506 /* LoadingViewModifier.swift */ = {isa = PBXFileReference; lastKnownFileType = sourcecode.swift; path = LoadingViewModifier.swift; sourceTree = "<group>"; };
		FE1D1D0A2AF464EF00BF8506 /* UserStoragePreviewData.swift */ = {isa = PBXFileReference; lastKnownFileType = sourcecode.swift; path = UserStoragePreviewData.swift; sourceTree = "<group>"; };
		FE241E4D2AF1E00500E693BD /* FirestoreService.swift */ = {isa = PBXFileReference; lastKnownFileType = sourcecode.swift; path = FirestoreService.swift; sourceTree = "<group>"; };
		FE254A142ADB3600000602AA /* DetectSoundsView.swift */ = {isa = PBXFileReference; lastKnownFileType = sourcecode.swift; path = DetectSoundsView.swift; sourceTree = "<group>"; };
		FE254A172ADDF765000602AA /* DrillRecordingView.swift */ = {isa = PBXFileReference; lastKnownFileType = sourcecode.swift; path = DrillRecordingView.swift; sourceTree = "<group>"; };
		FE254A192ADDF7A5000602AA /* TimeInterval+Extension.swift */ = {isa = PBXFileReference; lastKnownFileType = sourcecode.swift; path = "TimeInterval+Extension.swift"; sourceTree = "<group>"; };
		FE254A1D2ADF6EF9000602AA /* DrillDetailView.swift */ = {isa = PBXFileReference; lastKnownFileType = sourcecode.swift; path = DrillDetailView.swift; sourceTree = "<group>"; };
		FE254A202AE851CD000602AA /* DrillEntry.swift */ = {isa = PBXFileReference; lastKnownFileType = sourcecode.swift; path = DrillEntry.swift; sourceTree = "<group>"; };
		FE254A232AE877A2000602AA /* AudioView.swift */ = {isa = PBXFileReference; lastKnownFileType = sourcecode.swift; path = AudioView.swift; sourceTree = "<group>"; };
		FE254A272AE9DA85000602AA /* Hydrogen.mp3 */ = {isa = PBXFileReference; lastKnownFileType = audio.mp3; path = Hydrogen.mp3; sourceTree = "<group>"; };
		FE254A2B2AE9E028000602AA /* Synthetic-Shot-Timer.wav */ = {isa = PBXFileReference; lastKnownFileType = audio.wav; path = "Synthetic-Shot-Timer.wav"; sourceTree = "<group>"; };
		FE254A2C2AE9E028000602AA /* beep-06.mp3 */ = {isa = PBXFileReference; lastKnownFileType = audio.mp3; path = "beep-06.mp3"; sourceTree = "<group>"; };
		FE254A2D2AE9E028000602AA /* beep-07.mp3 */ = {isa = PBXFileReference; lastKnownFileType = audio.mp3; path = "beep-07.mp3"; sourceTree = "<group>"; };
		FE254A352AEDCE32000602AA /* TournamentsListView.swift */ = {isa = PBXFileReference; lastKnownFileType = sourcecode.swift; path = TournamentsListView.swift; sourceTree = "<group>"; };
		FE254A372AEDD3DB000602AA /* TournamentDetailView.swift */ = {isa = PBXFileReference; lastKnownFileType = sourcecode.swift; path = TournamentDetailView.swift; sourceTree = "<group>"; };
		FE254A392AF0583B000602AA /* Tournament.swift */ = {isa = PBXFileReference; lastKnownFileType = sourcecode.swift; path = Tournament.swift; sourceTree = "<group>"; };
		FE254A3D2AF065CD000602AA /* TournamentDetailView.swift */ = {isa = PBXFileReference; lastKnownFileType = sourcecode.swift; path = TournamentDetailView.swift; sourceTree = "<group>"; };
		FE254A3F2AF087D6000602AA /* GunType.swift */ = {isa = PBXFileReference; lastKnownFileType = sourcecode.swift; path = GunType.swift; sourceTree = "<group>"; };
		FE254A432AF1BB35000602AA /* UsernameInputView.swift */ = {isa = PBXFileReference; lastKnownFileType = sourcecode.swift; path = UsernameInputView.swift; sourceTree = "<group>"; };
		FE254A452AF1D061000602AA /* NSUbiquitousKeyValueStore+Extension.swift */ = {isa = PBXFileReference; lastKnownFileType = sourcecode.swift; path = "NSUbiquitousKeyValueStore+Extension.swift"; sourceTree = "<group>"; };
		FE254A4A2AF1D4D4000602AA /* TournamentPreviewData.swift */ = {isa = PBXFileReference; lastKnownFileType = sourcecode.swift; path = TournamentPreviewData.swift; sourceTree = "<group>"; };
		FE28D2792AF308B30074BC98 /* MainTabView.swift */ = {isa = PBXFileReference; lastKnownFileType = sourcecode.swift; path = MainTabView.swift; sourceTree = "<group>"; };
		FE3DD1652B1FFAF600D7FA45 /* AppRemoteConfig.swift */ = {isa = PBXFileReference; lastKnownFileType = sourcecode.swift; path = AppRemoteConfig.swift; sourceTree = "<group>"; };
		FE3DD1682B20057A00D7FA45 /* UserDefaults+Extension.swift */ = {isa = PBXFileReference; lastKnownFileType = sourcecode.swift; path = "UserDefaults+Extension.swift"; sourceTree = "<group>"; };
		FE3DD1A42B20118200D7FA45 /* ModelContext+Extension.swift */ = {isa = PBXFileReference; lastKnownFileType = sourcecode.swift; path = "ModelContext+Extension.swift"; sourceTree = "<group>"; };
		FE5C200F2AF9C284008A9B1A /* Leaderboard.swift */ = {isa = PBXFileReference; lastKnownFileType = sourcecode.swift; path = Leaderboard.swift; sourceTree = "<group>"; };
		FE5C20142AFB2507008A9B1A /* LeaderboardPreviewData.swift */ = {isa = PBXFileReference; lastKnownFileType = sourcecode.swift; path = LeaderboardPreviewData.swift; sourceTree = "<group>"; };
		FE5C20192AFB2695008A9B1A /* LeaderboardView.swift */ = {isa = PBXFileReference; lastKnownFileType = sourcecode.swift; path = LeaderboardView.swift; sourceTree = "<group>"; };
		FE5C201B2AFC7929008A9B1A /* LeaderboardEntryDetailView.swift */ = {isa = PBXFileReference; lastKnownFileType = sourcecode.swift; path = LeaderboardEntryDetailView.swift; sourceTree = "<group>"; };
		FE5C201F2B001BA5008A9B1A /* DrillParameterInfoView.swift */ = {isa = PBXFileReference; lastKnownFileType = sourcecode.swift; path = DrillParameterInfoView.swift; sourceTree = "<group>"; };
		FE5C20222B003228008A9B1A /* DrillParameterInfoFactory.swift */ = {isa = PBXFileReference; lastKnownFileType = sourcecode.swift; path = DrillParameterInfoFactory.swift; sourceTree = "<group>"; };
		FE5C20262B007828008A9B1A /* Logger.swift */ = {isa = PBXFileReference; lastKnownFileType = sourcecode.swift; path = Logger.swift; sourceTree = "<group>"; };
		FE66290C2AF30B870059B521 /* GoogleService-Info.plist */ = {isa = PBXFileReference; fileEncoding = 4; lastKnownFileType = text.plist.xml; path = "GoogleService-Info.plist"; sourceTree = "<group>"; };
		FEE455482AC8BB4700569414 /* AudioSessionManager.swift */ = {isa = PBXFileReference; fileEncoding = 4; lastKnownFileType = sourcecode.swift; path = AudioSessionManager.swift; sourceTree = "<group>"; };
		FEE4554B2AC8BB6200569414 /* AudioRecorder.swift */ = {isa = PBXFileReference; fileEncoding = 4; lastKnownFileType = sourcecode.swift; path = AudioRecorder.swift; sourceTree = "<group>"; };
		FEE4554F2AC8BD8600569414 /* SoundIdentifier.swift */ = {isa = PBXFileReference; fileEncoding = 4; lastKnownFileType = sourcecode.swift; path = SoundIdentifier.swift; sourceTree = "<group>"; };
		FEE455522AC8BE4C00569414 /* ClassificationResultsSubject.swift */ = {isa = PBXFileReference; fileEncoding = 4; lastKnownFileType = sourcecode.swift; path = ClassificationResultsSubject.swift; sourceTree = "<group>"; };
		FEE455552AC8BE5400569414 /* AudioClassifier.swift */ = {isa = PBXFileReference; fileEncoding = 4; lastKnownFileType = sourcecode.swift; path = AudioClassifier.swift; sourceTree = "<group>"; };
		FEE455582AC8C17500569414 /* DrillRecordingViewModel.swift */ = {isa = PBXFileReference; lastKnownFileType = sourcecode.swift; path = DrillRecordingViewModel.swift; sourceTree = "<group>"; };
		FEE4555C2AC8E49B00569414 /* HapticFeedbackGenerator.swift */ = {isa = PBXFileReference; lastKnownFileType = sourcecode.swift; path = HapticFeedbackGenerator.swift; sourceTree = "<group>"; };
		FEE608612B15722400CEA999 /* AudioRecordingPathGenerator.swift */ = {isa = PBXFileReference; lastKnownFileType = sourcecode.swift; path = AudioRecordingPathGenerator.swift; sourceTree = "<group>"; };
		FEF627562AF86390003DC443 /* TournamentEntry.swift */ = {isa = PBXFileReference; lastKnownFileType = sourcecode.swift; path = TournamentEntry.swift; sourceTree = "<group>"; };
/* End PBXFileReference section */

/* Begin PBXFrameworksBuildPhase section */
		751CBCA82ABE7AAD00141805 /* Frameworks */ = {
			isa = PBXFrameworksBuildPhase;
			buildActionMask = 2147483647;
			files = (
			);
			runOnlyForDeploymentPostprocessing = 0;
		};
		75D1134F2ABE2E7500BF8874 /* Frameworks */ = {
			isa = PBXFrameworksBuildPhase;
			buildActionMask = 2147483647;
			files = (
				FE5F224C2AF2E7A600C83412 /* FirebaseRemoteConfig in Frameworks */,
				FE5F22402AF2E7A600C83412 /* FirebaseAnalyticsWithoutAdIdSupport in Frameworks */,
				FE5F223C2AF2E7A600C83412 /* FirebaseAnalytics in Frameworks */,
				FE5F22422AF2E7A600C83412 /* FirebaseAuth in Frameworks */,
				FE5C20292B00796C008A9B1A /* FirebaseCrashlytics in Frameworks */,
				FE5F22442AF2E7A600C83412 /* FirebaseAuthCombine-Community in Frameworks */,
				FE5F22462AF2E7A600C83412 /* FirebaseFirestore in Frameworks */,
				FE5F224E2AF2E7A600C83412 /* FirebaseRemoteConfigSwift in Frameworks */,
				FE5F22482AF2E7A600C83412 /* FirebaseFirestoreCombine-Community in Frameworks */,
				FE5F224A2AF2E7A600C83412 /* FirebaseFirestoreSwift in Frameworks */,
			);
			runOnlyForDeploymentPostprocessing = 0;
		};
/* End PBXFrameworksBuildPhase section */

/* Begin PBXGroup section */
		754838762ABE7B1000146415 /* DrillBuddy Watch App */ = {
			isa = PBXGroup;
			children = (
				754838812ABE7B4200146415 /* Views */,
				754838802ABE7B3800146415 /* Resources */,
				754838782ABE7B1000146415 /* Preview Content */,
			);
			path = "DrillBuddy Watch App";
			sourceTree = "<group>";
		};
		754838782ABE7B1000146415 /* Preview Content */ = {
			isa = PBXGroup;
			children = (
				754838792ABE7B1000146415 /* Preview Assets.xcassets */,
			);
			path = "Preview Content";
			sourceTree = "<group>";
		};
		754838802ABE7B3800146415 /* Resources */ = {
			isa = PBXGroup;
			children = (
				7572F02D2AC22FB8001E2F3C /* Watch Connectivity */,
				754838772ABE7B1000146415 /* Assets.xcassets */,
			);
			path = Resources;
			sourceTree = "<group>";
		};
		754838812ABE7B4200146415 /* Views */ = {
			isa = PBXGroup;
			children = (
				FE254A492AF1D447000602AA /* Drill Recording */,
				FE254A482AF1D43E000602AA /* Main Tab */,
				FE254A472AF1D431000602AA /* Tournament Detail */,
			);
			path = Views;
			sourceTree = "<group>";
		};
		7572F0182ABF6174001E2F3C /* Sessions List */ = {
			isa = PBXGroup;
			children = (
				75D1136D2ABE308C00BF8874 /* SessionsListView.swift */,
			);
			path = "Sessions List";
			sourceTree = "<group>";
		};
		7572F0192ABF6184001E2F3C /* Drill Configuration */ = {
			isa = PBXGroup;
			children = (
				7572F01D2ABF61A4001E2F3C /* DrillConfigurationView.swift */,
			);
			path = "Drill Configuration";
			sourceTree = "<group>";
		};
		7572F0232ABFAC9F001E2F3C /* Drill Recording */ = {
			isa = PBXGroup;
			children = (
				7572F0242ABFACB4001E2F3C /* DrillRecordingView.swift */,
				FEE455582AC8C17500569414 /* DrillRecordingViewModel.swift */,
			);
			path = "Drill Recording";
			sourceTree = "<group>";
		};
		7572F02D2AC22FB8001E2F3C /* Watch Connectivity */ = {
			isa = PBXGroup;
			children = (
				7572F0312AC24A5C001E2F3C /* Models */,
				7572F0272ABFB326001E2F3C /* WatchSessionDelegate.swift */,
				7572F02A2AC0A62A001E2F3C /* WatchDataSynchronizer.swift */,
				7572F02E2AC22FCA001E2F3C /* WatchDataSyncHandler.swift */,
			);
			path = "Watch Connectivity";
			sourceTree = "<group>";
		};
		7572F0312AC24A5C001E2F3C /* Models */ = {
			isa = PBXGroup;
			children = (
				7572F0322AC24A64001E2F3C /* SyncData.swift */,
				7572F0352AC24AAE001E2F3C /* SyncResponse.swift */,
			);
			path = Models;
			sourceTree = "<group>";
		};
		75D113492ABE2E7500BF8874 = {
			isa = PBXGroup;
			children = (
				75D113542ABE2E7500BF8874 /* DrillBuddy */,
				754838762ABE7B1000146415 /* DrillBuddy Watch App */,
				75D113532ABE2E7500BF8874 /* Products */,
			);
			sourceTree = "<group>";
		};
		75D113532ABE2E7500BF8874 /* Products */ = {
			isa = PBXGroup;
			children = (
				75D113522ABE2E7500BF8874 /* DrillBuddy.app */,
				751CBCAB2ABE7AAD00141805 /* DrillBuddy Watch App.app */,
			);
			name = Products;
			sourceTree = "<group>";
		};
		75D113542ABE2E7500BF8874 /* DrillBuddy */ = {
			isa = PBXGroup;
			children = (
				75D113672ABE2EE100BF8874 /* App */,
				75D113682ABE2EE600BF8874 /* Views */,
				75D113692ABE2EF000BF8874 /* Resources */,
				75D1135E2ABE2E7B00BF8874 /* Preview Content */,
			);
			path = DrillBuddy;
			sourceTree = "<group>";
		};
		75D1135E2ABE2E7B00BF8874 /* Preview Content */ = {
			isa = PBXGroup;
			children = (
				FE254A272AE9DA85000602AA /* Hydrogen.mp3 */,
				75D1135F2ABE2E7B00BF8874 /* Preview Assets.xcassets */,
				75D113722ABE3A7A00BF8874 /* DrillContainerPreviewData.swift */,
				FE5C20142AFB2507008A9B1A /* LeaderboardPreviewData.swift */,
				FE254A4A2AF1D4D4000602AA /* TournamentPreviewData.swift */,
				FE1D1D0A2AF464EF00BF8506 /* UserStoragePreviewData.swift */,
			);
			path = "Preview Content";
			sourceTree = "<group>";
		};
		75D113672ABE2EE100BF8874 /* App */ = {
			isa = PBXGroup;
			children = (
				75D113552ABE2E7500BF8874 /* DrillBuddyApp.swift */,
			);
			path = App;
			sourceTree = "<group>";
		};
		75D113682ABE2EE600BF8874 /* Views */ = {
			isa = PBXGroup;
			children = (
				FE254A262AE877A5000602AA /* Audio View */,
				FE1D1CF62AF3249800BF8506 /* Authentication */,
				FE1D1CF32AF31F0B00BF8506 /* Detect Sounds */,
				7572F0192ABF6184001E2F3C /* Drill Configuration */,
				FE254A1C2ADF6EE6000602AA /* Drill Detail */,
				FE5C20212B003211008A9B1A /* Drill Parameter Info */,
				7572F0232ABFAC9F001E2F3C /* Drill Recording */,
				75D1136A2ABE2F3700BF8874 /* Launch Screen */,
				FE5C20162AFB2671008A9B1A /* Leaderboard */,
				FE28D2782AF308A00074BC98 /* Main Tab */,
				FE1D1CF22AF31EFF00BF8506 /* Profile */,
				7572F0182ABF6174001E2F3C /* Sessions List */,
				FE254A342AEDCE1A000602AA /* Tournaments */,
				FE254A422AF1BB20000602AA /* Username Input */,
			);
			path = Views;
			sourceTree = "<group>";
		};
		75D113692ABE2EF000BF8874 /* Resources */ = {
			isa = PBXGroup;
			children = (
				75D1135B2ABE2E7B00BF8874 /* Assets.xcassets */,
				75D1135D2ABE2E7B00BF8874 /* DrillBuddy.entitlements */,
				75D113612ABE2E7B00BF8874 /* Info.plist */,
				FEE608612B15722400CEA999 /* AudioRecordingPathGenerator.swift */,
				FE3DD1652B1FFAF600D7FA45 /* AppRemoteConfig.swift */,
				FE5C20262B007828008A9B1A /* Logger.swift */,
				FEE455472AC8BB3300569414 /* Audio */,
				75D113742ABE4ED200BF8874 /* Extensions */,
				FE66290B2AF30B750059B521 /* Firebase */,
				75D1136F2ABE32F100BF8874 /* Models */,
				FEE4555B2AC8E48900569414 /* Services */,
				FE254A2A2AE9DFD7000602AA /* Sounds */,
				FE1D1D062AF45E3900BF8506 /* View Modifiers */,
			);
			path = Resources;
			sourceTree = "<group>";
		};
		75D1136A2ABE2F3700BF8874 /* Launch Screen */ = {
			isa = PBXGroup;
			children = (
				75D1136B2ABE2F4900BF8874 /* LaunchScreenStoryboard.storyboard */,
			);
			path = "Launch Screen";
			sourceTree = "<group>";
		};
		75D1136F2ABE32F100BF8874 /* Models */ = {
			isa = PBXGroup;
			children = (
				7572F0152ABF5DE8001E2F3C /* AppError.swift */,
				7572F0382AC25356001E2F3C /* Drill.swift */,
				FE254A202AE851CD000602AA /* DrillEntry.swift */,
				7572F0202ABF7CCA001E2F3C /* DrillRecordingConfiguration.swift */,
				75D113702ABE331600BF8874 /* DrillsSessionsContainer.swift */,
				FE254A3F2AF087D6000602AA /* GunType.swift */,
				FE5C200F2AF9C284008A9B1A /* Leaderboard.swift */,
				FE1D1CFB2AF3303D00BF8506 /* LocalizedErrorInfo.swift */,
				FE254A392AF0583B000602AA /* Tournament.swift */,
				FEF627562AF86390003DC443 /* TournamentEntry.swift */,
				FE1D1D032AF4501200BF8506 /* UserInfo.swift */,
			);
			path = Models;
			sourceTree = "<group>";
		};
		75D113742ABE4ED200BF8874 /* Extensions */ = {
			isa = PBXGroup;
			children = (
				FE1D1CFE2AF4470D00BF8506 /* Firebase */,
				75D113752ABE4EE200BF8874 /* View+Extension.swift */,
				FE254A192ADDF7A5000602AA /* TimeInterval+Extension.swift */,
				FE254A452AF1D061000602AA /* NSUbiquitousKeyValueStore+Extension.swift */,
				FE3DD1682B20057A00D7FA45 /* UserDefaults+Extension.swift */,
				FE3DD1A42B20118200D7FA45 /* ModelContext+Extension.swift */,
			);
			path = Extensions;
			sourceTree = "<group>";
		};
		FE1D1CF22AF31EFF00BF8506 /* Profile */ = {
			isa = PBXGroup;
			children = (
				FE1D1CF42AF31F2500BF8506 /* ProfileView.swift */,
			);
			path = Profile;
			sourceTree = "<group>";
		};
		FE1D1CF32AF31F0B00BF8506 /* Detect Sounds */ = {
			isa = PBXGroup;
			children = (
				FE254A142ADB3600000602AA /* DetectSoundsView.swift */,
			);
			path = "Detect Sounds";
			sourceTree = "<group>";
		};
		FE1D1CF62AF3249800BF8506 /* Authentication */ = {
			isa = PBXGroup;
			children = (
				FE1D1CF72AF324A700BF8506 /* AuthenticationView.swift */,
				FE1D1CF92AF32A0500BF8506 /* AuthenticationService.swift */,
			);
			path = Authentication;
			sourceTree = "<group>";
		};
		FE1D1CFE2AF4470D00BF8506 /* Firebase */ = {
			isa = PBXGroup;
			children = (
				FE1D1CFF2AF4471800BF8506 /* Firestore+Extensions.swift */,
			);
			path = Firebase;
			sourceTree = "<group>";
		};
		FE1D1D062AF45E3900BF8506 /* View Modifiers */ = {
			isa = PBXGroup;
			children = (
				FE1D1D072AF45E4700BF8506 /* LoadingViewModifier.swift */,
			);
			path = "View Modifiers";
			sourceTree = "<group>";
		};
		FE254A1C2ADF6EE6000602AA /* Drill Detail */ = {
			isa = PBXGroup;
			children = (
				FE254A1D2ADF6EF9000602AA /* DrillDetailView.swift */,
			);
			path = "Drill Detail";
			sourceTree = "<group>";
		};
		FE254A262AE877A5000602AA /* Audio View */ = {
			isa = PBXGroup;
			children = (
				FE254A232AE877A2000602AA /* AudioView.swift */,
			);
			path = "Audio View";
			sourceTree = "<group>";
		};
		FE254A2A2AE9DFD7000602AA /* Sounds */ = {
			isa = PBXGroup;
			children = (
				FE254A2C2AE9E028000602AA /* beep-06.mp3 */,
				FE254A2D2AE9E028000602AA /* beep-07.mp3 */,
				FE254A2B2AE9E028000602AA /* Synthetic-Shot-Timer.wav */,
			);
			path = Sounds;
			sourceTree = "<group>";
		};
		FE254A342AEDCE1A000602AA /* Tournaments */ = {
			isa = PBXGroup;
			children = (
				FE254A352AEDCE32000602AA /* TournamentsListView.swift */,
				FE254A372AEDD3DB000602AA /* TournamentDetailView.swift */,
			);
			path = Tournaments;
			sourceTree = "<group>";
		};
		FE254A422AF1BB20000602AA /* Username Input */ = {
			isa = PBXGroup;
			children = (
				FE254A432AF1BB35000602AA /* UsernameInputView.swift */,
			);
			path = "Username Input";
			sourceTree = "<group>";
		};
		FE254A472AF1D431000602AA /* Tournament Detail */ = {
			isa = PBXGroup;
			children = (
				FE254A3D2AF065CD000602AA /* TournamentDetailView.swift */,
			);
			path = "Tournament Detail";
			sourceTree = "<group>";
		};
		FE254A482AF1D43E000602AA /* Main Tab */ = {
			isa = PBXGroup;
			children = (
				7572F0132ABF1D14001E2F3C /* MainTabView.swift */,
			);
			path = "Main Tab";
			sourceTree = "<group>";
		};
		FE254A492AF1D447000602AA /* Drill Recording */ = {
			isa = PBXGroup;
			children = (
				FE254A172ADDF765000602AA /* DrillRecordingView.swift */,
			);
			path = "Drill Recording";
			sourceTree = "<group>";
		};
		FE28D2782AF308A00074BC98 /* Main Tab */ = {
			isa = PBXGroup;
			children = (
				FE28D2792AF308B30074BC98 /* MainTabView.swift */,
			);
			path = "Main Tab";
			sourceTree = "<group>";
		};
		FE5C20162AFB2671008A9B1A /* Leaderboard */ = {
			isa = PBXGroup;
			children = (
				FE5C20192AFB2695008A9B1A /* LeaderboardView.swift */,
				FE5C201B2AFC7929008A9B1A /* LeaderboardEntryDetailView.swift */,
			);
			path = Leaderboard;
			sourceTree = "<group>";
		};
		FE5C20212B003211008A9B1A /* Drill Parameter Info */ = {
			isa = PBXGroup;
			children = (
				FE5C201F2B001BA5008A9B1A /* DrillParameterInfoView.swift */,
				FE5C20222B003228008A9B1A /* DrillParameterInfoFactory.swift */,
			);
			path = "Drill Parameter Info";
			sourceTree = "<group>";
		};
		FE66290B2AF30B750059B521 /* Firebase */ = {
			isa = PBXGroup;
			children = (
				FE66290C2AF30B870059B521 /* GoogleService-Info.plist */,
			);
			path = Firebase;
			sourceTree = "<group>";
		};
		FEE455472AC8BB3300569414 /* Audio */ = {
			isa = PBXGroup;
			children = (
				FEE4554E2AC8BD7C00569414 /* Classification */,
				FEE4554B2AC8BB6200569414 /* AudioRecorder.swift */,
				FEE455482AC8BB4700569414 /* AudioSessionManager.swift */,
			);
			path = Audio;
			sourceTree = "<group>";
		};
		FEE4554E2AC8BD7C00569414 /* Classification */ = {
			isa = PBXGroup;
			children = (
				FEE455552AC8BE5400569414 /* AudioClassifier.swift */,
				FEE455522AC8BE4C00569414 /* ClassificationResultsSubject.swift */,
				FEE4554F2AC8BD8600569414 /* SoundIdentifier.swift */,
			);
			path = Classification;
			sourceTree = "<group>";
		};
		FEE4555B2AC8E48900569414 /* Services */ = {
			isa = PBXGroup;
			children = (
				FEE4555C2AC8E49B00569414 /* HapticFeedbackGenerator.swift */,
				FE241E4D2AF1E00500E693BD /* FirestoreService.swift */,
				FE1D1D012AF44FDA00BF8506 /* UserStorage.swift */,
			);
			path = Services;
			sourceTree = "<group>";
		};
/* End PBXGroup section */

/* Begin PBXNativeTarget section */
		751CBCAA2ABE7AAD00141805 /* DrillBuddy Watch App */ = {
			isa = PBXNativeTarget;
			buildConfigurationList = 751CBCBC2ABE7AB000141805 /* Build configuration list for PBXNativeTarget "DrillBuddy Watch App" */;
			buildPhases = (
				751CBCA72ABE7AAD00141805 /* Sources */,
				751CBCA82ABE7AAD00141805 /* Frameworks */,
				751CBCA92ABE7AAD00141805 /* Resources */,
			);
			buildRules = (
			);
			dependencies = (
			);
			name = "DrillBuddy Watch App";
			productName = "DrillBuddyWatch Watch App";
			productReference = 751CBCAB2ABE7AAD00141805 /* DrillBuddy Watch App.app */;
			productType = "com.apple.product-type.application";
		};
		75D113512ABE2E7500BF8874 /* DrillBuddy */ = {
			isa = PBXNativeTarget;
			buildConfigurationList = 75D113642ABE2E7B00BF8874 /* Build configuration list for PBXNativeTarget "DrillBuddy" */;
			buildPhases = (
				75D1134E2ABE2E7500BF8874 /* Sources */,
				75D1134F2ABE2E7500BF8874 /* Frameworks */,
				75D113502ABE2E7500BF8874 /* Resources */,
				751CBCB92ABE7AB000141805 /* Embed Watch Content */,
			);
			buildRules = (
			);
			dependencies = (
				751CBCB72ABE7AB000141805 /* PBXTargetDependency */,
			);
			name = DrillBuddy;
			packageProductDependencies = (
				FE5F223B2AF2E7A600C83412 /* FirebaseAnalytics */,
				FE5F223F2AF2E7A600C83412 /* FirebaseAnalyticsWithoutAdIdSupport */,
				FE5F22412AF2E7A600C83412 /* FirebaseAuth */,
				FE5F22432AF2E7A600C83412 /* FirebaseAuthCombine-Community */,
				FE5F22452AF2E7A600C83412 /* FirebaseFirestore */,
				FE5F22472AF2E7A600C83412 /* FirebaseFirestoreCombine-Community */,
				FE5F22492AF2E7A600C83412 /* FirebaseFirestoreSwift */,
				FE5F224B2AF2E7A600C83412 /* FirebaseRemoteConfig */,
				FE5F224D2AF2E7A600C83412 /* FirebaseRemoteConfigSwift */,
				FE5C20282B00796C008A9B1A /* FirebaseCrashlytics */,
			);
			productName = DrillBuddy;
			productReference = 75D113522ABE2E7500BF8874 /* DrillBuddy.app */;
			productType = "com.apple.product-type.application";
		};
/* End PBXNativeTarget section */

/* Begin PBXProject section */
		75D1134A2ABE2E7500BF8874 /* Project object */ = {
			isa = PBXProject;
			attributes = {
				BuildIndependentTargetsInParallel = 1;
				LastSwiftUpdateCheck = 1500;
				LastUpgradeCheck = 1500;
				TargetAttributes = {
					751CBCAA2ABE7AAD00141805 = {
						CreatedOnToolsVersion = 15.0;
					};
					75D113512ABE2E7500BF8874 = {
						CreatedOnToolsVersion = 15.0;
					};
				};
			};
			buildConfigurationList = 75D1134D2ABE2E7500BF8874 /* Build configuration list for PBXProject "DrillBuddy" */;
			compatibilityVersion = "Xcode 14.0";
			developmentRegion = en;
			hasScannedForEncodings = 0;
			knownRegions = (
				en,
				Base,
			);
			mainGroup = 75D113492ABE2E7500BF8874;
			packageReferences = (
				FE5F223A2AF2E7A600C83412 /* XCRemoteSwiftPackageReference "firebase-ios-sdk" */,
			);
			productRefGroup = 75D113532ABE2E7500BF8874 /* Products */;
			projectDirPath = "";
			projectRoot = "";
			targets = (
				75D113512ABE2E7500BF8874 /* DrillBuddy */,
				751CBCAA2ABE7AAD00141805 /* DrillBuddy Watch App */,
			);
		};
/* End PBXProject section */

/* Begin PBXResourcesBuildPhase section */
		751CBCA92ABE7AAD00141805 /* Resources */ = {
			isa = PBXResourcesBuildPhase;
			buildActionMask = 2147483647;
			files = (
				FE254A2F2AE9E028000602AA /* Synthetic-Shot-Timer.wav in Resources */,
				FE254A332AE9E028000602AA /* beep-07.mp3 in Resources */,
				FE254A292AE9DA85000602AA /* Hydrogen.mp3 in Resources */,
				FE254A312AE9E028000602AA /* beep-06.mp3 in Resources */,
				7548387D2ABE7B1000146415 /* Preview Assets.xcassets in Resources */,
				7548387C2ABE7B1000146415 /* Assets.xcassets in Resources */,
				FE66290E2AF30B870059B521 /* GoogleService-Info.plist in Resources */,
			);
			runOnlyForDeploymentPostprocessing = 0;
		};
		75D113502ABE2E7500BF8874 /* Resources */ = {
			isa = PBXResourcesBuildPhase;
			buildActionMask = 2147483647;
			files = (
				75D1136C2ABE2F4900BF8874 /* LaunchScreenStoryboard.storyboard in Resources */,
				FE66290D2AF30B870059B521 /* GoogleService-Info.plist in Resources */,
				75D113602ABE2E7B00BF8874 /* Preview Assets.xcassets in Resources */,
				FE254A2E2AE9E028000602AA /* Synthetic-Shot-Timer.wav in Resources */,
				FE254A322AE9E028000602AA /* beep-07.mp3 in Resources */,
				FE254A282AE9DA85000602AA /* Hydrogen.mp3 in Resources */,
				FE254A302AE9E028000602AA /* beep-06.mp3 in Resources */,
				75D1135C2ABE2E7B00BF8874 /* Assets.xcassets in Resources */,
			);
			runOnlyForDeploymentPostprocessing = 0;
		};
/* End PBXResourcesBuildPhase section */

/* Begin PBXSourcesBuildPhase section */
		751CBCA72ABE7AAD00141805 /* Sources */ = {
			isa = PBXSourcesBuildPhase;
			buildActionMask = 2147483647;
			files = (
				FE1D1CFD2AF3303D00BF8506 /* LocalizedErrorInfo.swift in Sources */,
				FEE4554D2AC8BB6200569414 /* AudioRecorder.swift in Sources */,
				FE254A162ADB7744000602AA /* DetectSoundsView.swift in Sources */,
				FE254A412AF087D9000602AA /* GunType.swift in Sources */,
				FE5C201E2AFDBE53008A9B1A /* UserStorage.swift in Sources */,
				754838832ABE7B5700146415 /* DrillsSessionsContainer.swift in Sources */,
				FE254A3E2AF065CD000602AA /* TournamentDetailView.swift in Sources */,
				754838822ABE7B5300146415 /* DrillBuddyApp.swift in Sources */,
				7572F0142ABF1D14001E2F3C /* MainTabView.swift in Sources */,
				FE254A252AE877A2000602AA /* AudioView.swift in Sources */,
				FE3DD1672B1FFAF900D7FA45 /* AppRemoteConfig.swift in Sources */,
				FEF627582AF86390003DC443 /* TournamentEntry.swift in Sources */,
				7572F02C2AC0A62A001E2F3C /* WatchDataSynchronizer.swift in Sources */,
				754838862ABE7B8B00146415 /* DrillContainerPreviewData.swift in Sources */,
				FE3DD16A2B20057A00D7FA45 /* UserDefaults+Extension.swift in Sources */,
				FE5C201D2AFDBE21008A9B1A /* UserStoragePreviewData.swift in Sources */,
				7572F0172ABF5E10001E2F3C /* AppError.swift in Sources */,
				FEE455542AC8BE4C00569414 /* ClassificationResultsSubject.swift in Sources */,
				FEE455512AC8BD8600569414 /* SoundIdentifier.swift in Sources */,
				FEE4555A2AC8C17500569414 /* DrillRecordingViewModel.swift in Sources */,
				FE5C20132AFB1018008A9B1A /* UserInfo.swift in Sources */,
				FE254A3B2AF0583B000602AA /* Tournament.swift in Sources */,
				FEE608602B1564FF00CEA999 /* Logger.swift in Sources */,
				7572F0302AC22FCA001E2F3C /* WatchDataSyncHandler.swift in Sources */,
				FE254A1B2ADDF7AF000602AA /* TimeInterval+Extension.swift in Sources */,
				FE5C20252B0033DF008A9B1A /* DrillParameterInfoView.swift in Sources */,
				FEE4554A2AC8BB4700569414 /* AudioSessionManager.swift in Sources */,
				FE5C20242B0033D7008A9B1A /* DrillParameterInfoFactory.swift in Sources */,
				FE3DD1A62B20118200D7FA45 /* ModelContext+Extension.swift in Sources */,
				FEE455572AC8BE5400569414 /* AudioClassifier.swift in Sources */,
				754838852ABE7B8600146415 /* View+Extension.swift in Sources */,
				FEE608632B15722A00CEA999 /* AudioRecordingPathGenerator.swift in Sources */,
				7572F0372AC24AAE001E2F3C /* SyncResponse.swift in Sources */,
				FE254A222AE851CD000602AA /* DrillEntry.swift in Sources */,
				FE5C20112AF9C284008A9B1A /* Leaderboard.swift in Sources */,
				7572F0292ABFB326001E2F3C /* WatchSessionDelegate.swift in Sources */,
				7572F03A2AC25356001E2F3C /* Drill.swift in Sources */,
				FE254A4C2AF1D4D4000602AA /* TournamentPreviewData.swift in Sources */,
				FE254A182ADDF765000602AA /* DrillRecordingView.swift in Sources */,
				FE254A4D2AF1D674000602AA /* NSUbiquitousKeyValueStore+Extension.swift in Sources */,
				FEE455632AD73FF700569414 /* HapticFeedbackGenerator.swift in Sources */,
				7572F0222ABF7CCA001E2F3C /* DrillRecordingConfiguration.swift in Sources */,
				FE1D1D092AF45E4700BF8506 /* LoadingViewModifier.swift in Sources */,
				7572F0342AC24A64001E2F3C /* SyncData.swift in Sources */,
				7572F01F2ABF61A4001E2F3C /* DrillConfigurationView.swift in Sources */,
			);
			runOnlyForDeploymentPostprocessing = 0;
		};
		75D1134E2ABE2E7500BF8874 /* Sources */ = {
			isa = PBXSourcesBuildPhase;
			buildActionMask = 2147483647;
			files = (
				FE254A382AEDD3DC000602AA /* TournamentDetailView.swift in Sources */,
				FE3DD1A52B20118200D7FA45 /* ModelContext+Extension.swift in Sources */,
				FE5C20202B001BA5008A9B1A /* DrillParameterInfoView.swift in Sources */,
				FE1D1D042AF4501200BF8506 /* UserInfo.swift in Sources */,
				FEE4554C2AC8BB6200569414 /* AudioRecorder.swift in Sources */,
				FE254A152ADB3600000602AA /* DetectSoundsView.swift in Sources */,
				7572F01E2ABF61A4001E2F3C /* DrillConfigurationView.swift in Sources */,
				FE3DD1692B20057A00D7FA45 /* UserDefaults+Extension.swift in Sources */,
				7572F0212ABF7CCA001E2F3C /* DrillRecordingConfiguration.swift in Sources */,
				FE254A1E2ADF6EF9000602AA /* DrillDetailView.swift in Sources */,
				FE1D1D002AF4471800BF8506 /* Firestore+Extensions.swift in Sources */,
				FE1D1D082AF45E4700BF8506 /* LoadingViewModifier.swift in Sources */,
				FE5C20232B003228008A9B1A /* DrillParameterInfoFactory.swift in Sources */,
				FE1D1CF52AF31F2500BF8506 /* ProfileView.swift in Sources */,
				75D113732ABE3A7A00BF8874 /* DrillContainerPreviewData.swift in Sources */,
				FE254A462AF1D061000602AA /* NSUbiquitousKeyValueStore+Extension.swift in Sources */,
				FE1D1D0B2AF464EF00BF8506 /* UserStoragePreviewData.swift in Sources */,
				7572F0252ABFACB4001E2F3C /* DrillRecordingView.swift in Sources */,
				7572F0362AC24AAE001E2F3C /* SyncResponse.swift in Sources */,
				FE5C20272B007828008A9B1A /* Logger.swift in Sources */,
				FE254A442AF1BB35000602AA /* UsernameInputView.swift in Sources */,
				FE1D1CF82AF324A700BF8506 /* AuthenticationView.swift in Sources */,
				FEF627572AF86390003DC443 /* TournamentEntry.swift in Sources */,
				FE254A362AEDCE32000602AA /* TournamentsListView.swift in Sources */,
				FEE608622B15722400CEA999 /* AudioRecordingPathGenerator.swift in Sources */,
				FEE455532AC8BE4C00569414 /* ClassificationResultsSubject.swift in Sources */,
				7572F0282ABFB326001E2F3C /* WatchSessionDelegate.swift in Sources */,
				FE1D1CFC2AF3303D00BF8506 /* LocalizedErrorInfo.swift in Sources */,
				FEE455502AC8BD8600569414 /* SoundIdentifier.swift in Sources */,
				FE28D27A2AF308B30074BC98 /* MainTabView.swift in Sources */,
				FE254A212AE851CD000602AA /* DrillEntry.swift in Sources */,
				FEE455592AC8C17500569414 /* DrillRecordingViewModel.swift in Sources */,
				FE254A1A2ADDF7A5000602AA /* TimeInterval+Extension.swift in Sources */,
				FE254A3A2AF0583B000602AA /* Tournament.swift in Sources */,
				7572F02F2AC22FCA001E2F3C /* WatchDataSyncHandler.swift in Sources */,
				FEE455492AC8BB4700569414 /* AudioSessionManager.swift in Sources */,
				FE3DD1662B1FFAF600D7FA45 /* AppRemoteConfig.swift in Sources */,
				FE1D1CFA2AF32A0500BF8506 /* AuthenticationService.swift in Sources */,
				FE254A402AF087D6000602AA /* GunType.swift in Sources */,
				FEE455562AC8BE5400569414 /* AudioClassifier.swift in Sources */,
				75D113712ABE331600BF8874 /* DrillsSessionsContainer.swift in Sources */,
				FE241E4E2AF1E00500E693BD /* FirestoreService.swift in Sources */,
				FE254A4B2AF1D4D4000602AA /* TournamentPreviewData.swift in Sources */,
				FE1D1D022AF44FDA00BF8506 /* UserStorage.swift in Sources */,
				75D113562ABE2E7500BF8874 /* DrillBuddyApp.swift in Sources */,
				75D113762ABE4EE200BF8874 /* View+Extension.swift in Sources */,
				FE5C20102AF9C284008A9B1A /* Leaderboard.swift in Sources */,
				FE5C20152AFB2507008A9B1A /* LeaderboardPreviewData.swift in Sources */,
				7572F02B2AC0A62A001E2F3C /* WatchDataSynchronizer.swift in Sources */,
				FEE4555D2AC8E49B00569414 /* HapticFeedbackGenerator.swift in Sources */,
				75D1136E2ABE308C00BF8874 /* SessionsListView.swift in Sources */,
				FE5C201C2AFC7929008A9B1A /* LeaderboardEntryDetailView.swift in Sources */,
				7572F0392AC25356001E2F3C /* Drill.swift in Sources */,
				FE5C201A2AFB2695008A9B1A /* LeaderboardView.swift in Sources */,
				7572F0332AC24A64001E2F3C /* SyncData.swift in Sources */,
				7572F0162ABF5DE8001E2F3C /* AppError.swift in Sources */,
				FE254A242AE877A2000602AA /* AudioView.swift in Sources */,
			);
			runOnlyForDeploymentPostprocessing = 0;
		};
/* End PBXSourcesBuildPhase section */

/* Begin PBXTargetDependency section */
		751CBCB72ABE7AB000141805 /* PBXTargetDependency */ = {
			isa = PBXTargetDependency;
			target = 751CBCAA2ABE7AAD00141805 /* DrillBuddy Watch App */;
			targetProxy = 751CBCB62ABE7AB000141805 /* PBXContainerItemProxy */;
		};
/* End PBXTargetDependency section */

/* Begin XCBuildConfiguration section */
		751CBCBA2ABE7AB000141805 /* Debug */ = {
			isa = XCBuildConfiguration;
			buildSettings = {
				ASSETCATALOG_COMPILER_APPICON_NAME = AppIcon;
				ASSETCATALOG_COMPILER_GLOBAL_ACCENT_COLOR_NAME = AccentColor;
				CODE_SIGN_STYLE = Automatic;
				CURRENT_PROJECT_VERSION = 1;
				DEVELOPMENT_ASSET_PATHS = "\"DrillBuddy Watch App/Preview Content\"";
				DEVELOPMENT_TEAM = JL6XT94C4X;
				ENABLE_PREVIEWS = YES;
				GENERATE_INFOPLIST_FILE = YES;
				INFOPLIST_KEY_CFBundleDisplayName = DrillBuddyWatch;
				INFOPLIST_KEY_NSMicrophoneUsageDescription = "Microphone access is required to record when shots happens";
				INFOPLIST_KEY_UISupportedInterfaceOrientations = "UIInterfaceOrientationPortrait UIInterfaceOrientationPortraitUpsideDown";
				INFOPLIST_KEY_WKCompanionAppBundleIdentifier = com.bakehouse.DrillBuddy;
				LD_RUNPATH_SEARCH_PATHS = (
					"$(inherited)",
					"@executable_path/Frameworks",
				);
				MARKETING_VERSION = 1.0;
				PRODUCT_BUNDLE_IDENTIFIER = com.bakehouse.DrillBuddy.watchkitapp;
				PRODUCT_NAME = "$(TARGET_NAME)";
				SDKROOT = watchos;
				SKIP_INSTALL = YES;
				SWIFT_EMIT_LOC_STRINGS = YES;
				SWIFT_VERSION = 5.0;
				TARGETED_DEVICE_FAMILY = 4;
				WATCHOS_DEPLOYMENT_TARGET = 10.0;
			};
			name = Debug;
		};
		751CBCBB2ABE7AB000141805 /* Release */ = {
			isa = XCBuildConfiguration;
			buildSettings = {
				ASSETCATALOG_COMPILER_APPICON_NAME = AppIcon;
				ASSETCATALOG_COMPILER_GLOBAL_ACCENT_COLOR_NAME = AccentColor;
				CODE_SIGN_STYLE = Automatic;
				CURRENT_PROJECT_VERSION = 1;
				DEVELOPMENT_ASSET_PATHS = "\"DrillBuddy Watch App/Preview Content\"";
				DEVELOPMENT_TEAM = JL6XT94C4X;
				ENABLE_PREVIEWS = YES;
				GENERATE_INFOPLIST_FILE = YES;
				INFOPLIST_KEY_CFBundleDisplayName = DrillBuddyWatch;
				INFOPLIST_KEY_NSMicrophoneUsageDescription = "Microphone access is required to record when shots happens";
				INFOPLIST_KEY_UISupportedInterfaceOrientations = "UIInterfaceOrientationPortrait UIInterfaceOrientationPortraitUpsideDown";
				INFOPLIST_KEY_WKCompanionAppBundleIdentifier = com.bakehouse.DrillBuddy;
				LD_RUNPATH_SEARCH_PATHS = (
					"$(inherited)",
					"@executable_path/Frameworks",
				);
				MARKETING_VERSION = 1.0;
				PRODUCT_BUNDLE_IDENTIFIER = com.bakehouse.DrillBuddy.watchkitapp;
				PRODUCT_NAME = "$(TARGET_NAME)";
				SDKROOT = watchos;
				SKIP_INSTALL = YES;
				SWIFT_EMIT_LOC_STRINGS = YES;
				SWIFT_VERSION = 5.0;
				TARGETED_DEVICE_FAMILY = 4;
				VALIDATE_PRODUCT = YES;
				WATCHOS_DEPLOYMENT_TARGET = 10.0;
			};
			name = Release;
		};
		75D113622ABE2E7B00BF8874 /* Debug */ = {
			isa = XCBuildConfiguration;
			buildSettings = {
				ALWAYS_SEARCH_USER_PATHS = NO;
				ASSETCATALOG_COMPILER_GENERATE_SWIFT_ASSET_SYMBOL_EXTENSIONS = YES;
				CLANG_ANALYZER_NONNULL = YES;
				CLANG_ANALYZER_NUMBER_OBJECT_CONVERSION = YES_AGGRESSIVE;
				CLANG_CXX_LANGUAGE_STANDARD = "gnu++20";
				CLANG_ENABLE_MODULES = YES;
				CLANG_ENABLE_OBJC_ARC = YES;
				CLANG_ENABLE_OBJC_WEAK = YES;
				CLANG_WARN_BLOCK_CAPTURE_AUTORELEASING = YES;
				CLANG_WARN_BOOL_CONVERSION = YES;
				CLANG_WARN_COMMA = YES;
				CLANG_WARN_CONSTANT_CONVERSION = YES;
				CLANG_WARN_DEPRECATED_OBJC_IMPLEMENTATIONS = YES;
				CLANG_WARN_DIRECT_OBJC_ISA_USAGE = YES_ERROR;
				CLANG_WARN_DOCUMENTATION_COMMENTS = YES;
				CLANG_WARN_EMPTY_BODY = YES;
				CLANG_WARN_ENUM_CONVERSION = YES;
				CLANG_WARN_INFINITE_RECURSION = YES;
				CLANG_WARN_INT_CONVERSION = YES;
				CLANG_WARN_NON_LITERAL_NULL_CONVERSION = YES;
				CLANG_WARN_OBJC_IMPLICIT_RETAIN_SELF = YES;
				CLANG_WARN_OBJC_LITERAL_CONVERSION = YES;
				CLANG_WARN_OBJC_ROOT_CLASS = YES_ERROR;
				CLANG_WARN_QUOTED_INCLUDE_IN_FRAMEWORK_HEADER = YES;
				CLANG_WARN_RANGE_LOOP_ANALYSIS = YES;
				CLANG_WARN_STRICT_PROTOTYPES = YES;
				CLANG_WARN_SUSPICIOUS_MOVE = YES;
				CLANG_WARN_UNGUARDED_AVAILABILITY = YES_AGGRESSIVE;
				CLANG_WARN_UNREACHABLE_CODE = YES;
				CLANG_WARN__DUPLICATE_METHOD_MATCH = YES;
				COPY_PHASE_STRIP = NO;
				DEBUG_INFORMATION_FORMAT = dwarf;
				ENABLE_STRICT_OBJC_MSGSEND = YES;
				ENABLE_TESTABILITY = YES;
				ENABLE_USER_SCRIPT_SANDBOXING = YES;
				GCC_C_LANGUAGE_STANDARD = gnu17;
				GCC_DYNAMIC_NO_PIC = NO;
				GCC_NO_COMMON_BLOCKS = YES;
				GCC_OPTIMIZATION_LEVEL = 0;
				GCC_PREPROCESSOR_DEFINITIONS = (
					"DEBUG=1",
					"$(inherited)",
				);
				GCC_WARN_64_TO_32_BIT_CONVERSION = YES;
				GCC_WARN_ABOUT_RETURN_TYPE = YES_ERROR;
				GCC_WARN_UNDECLARED_SELECTOR = YES;
				GCC_WARN_UNINITIALIZED_AUTOS = YES_AGGRESSIVE;
				GCC_WARN_UNUSED_FUNCTION = YES;
				GCC_WARN_UNUSED_VARIABLE = YES;
				LOCALIZATION_PREFERS_STRING_CATALOGS = YES;
				MTL_ENABLE_DEBUG_INFO = INCLUDE_SOURCE;
				MTL_FAST_MATH = YES;
				ONLY_ACTIVE_ARCH = YES;
				SWIFT_ACTIVE_COMPILATION_CONDITIONS = "DEBUG $(inherited)";
				SWIFT_OPTIMIZATION_LEVEL = "-Onone";
			};
			name = Debug;
		};
		75D113632ABE2E7B00BF8874 /* Release */ = {
			isa = XCBuildConfiguration;
			buildSettings = {
				ALWAYS_SEARCH_USER_PATHS = NO;
				ASSETCATALOG_COMPILER_GENERATE_SWIFT_ASSET_SYMBOL_EXTENSIONS = YES;
				CLANG_ANALYZER_NONNULL = YES;
				CLANG_ANALYZER_NUMBER_OBJECT_CONVERSION = YES_AGGRESSIVE;
				CLANG_CXX_LANGUAGE_STANDARD = "gnu++20";
				CLANG_ENABLE_MODULES = YES;
				CLANG_ENABLE_OBJC_ARC = YES;
				CLANG_ENABLE_OBJC_WEAK = YES;
				CLANG_WARN_BLOCK_CAPTURE_AUTORELEASING = YES;
				CLANG_WARN_BOOL_CONVERSION = YES;
				CLANG_WARN_COMMA = YES;
				CLANG_WARN_CONSTANT_CONVERSION = YES;
				CLANG_WARN_DEPRECATED_OBJC_IMPLEMENTATIONS = YES;
				CLANG_WARN_DIRECT_OBJC_ISA_USAGE = YES_ERROR;
				CLANG_WARN_DOCUMENTATION_COMMENTS = YES;
				CLANG_WARN_EMPTY_BODY = YES;
				CLANG_WARN_ENUM_CONVERSION = YES;
				CLANG_WARN_INFINITE_RECURSION = YES;
				CLANG_WARN_INT_CONVERSION = YES;
				CLANG_WARN_NON_LITERAL_NULL_CONVERSION = YES;
				CLANG_WARN_OBJC_IMPLICIT_RETAIN_SELF = YES;
				CLANG_WARN_OBJC_LITERAL_CONVERSION = YES;
				CLANG_WARN_OBJC_ROOT_CLASS = YES_ERROR;
				CLANG_WARN_QUOTED_INCLUDE_IN_FRAMEWORK_HEADER = YES;
				CLANG_WARN_RANGE_LOOP_ANALYSIS = YES;
				CLANG_WARN_STRICT_PROTOTYPES = YES;
				CLANG_WARN_SUSPICIOUS_MOVE = YES;
				CLANG_WARN_UNGUARDED_AVAILABILITY = YES_AGGRESSIVE;
				CLANG_WARN_UNREACHABLE_CODE = YES;
				CLANG_WARN__DUPLICATE_METHOD_MATCH = YES;
				COPY_PHASE_STRIP = NO;
				DEBUG_INFORMATION_FORMAT = "dwarf-with-dsym";
				ENABLE_NS_ASSERTIONS = NO;
				ENABLE_STRICT_OBJC_MSGSEND = YES;
				ENABLE_USER_SCRIPT_SANDBOXING = YES;
				GCC_C_LANGUAGE_STANDARD = gnu17;
				GCC_NO_COMMON_BLOCKS = YES;
				GCC_WARN_64_TO_32_BIT_CONVERSION = YES;
				GCC_WARN_ABOUT_RETURN_TYPE = YES_ERROR;
				GCC_WARN_UNDECLARED_SELECTOR = YES;
				GCC_WARN_UNINITIALIZED_AUTOS = YES_AGGRESSIVE;
				GCC_WARN_UNUSED_FUNCTION = YES;
				GCC_WARN_UNUSED_VARIABLE = YES;
				LOCALIZATION_PREFERS_STRING_CATALOGS = YES;
				MTL_ENABLE_DEBUG_INFO = NO;
				MTL_FAST_MATH = YES;
				SWIFT_COMPILATION_MODE = wholemodule;
			};
			name = Release;
		};
		75D113652ABE2E7B00BF8874 /* Debug */ = {
			isa = XCBuildConfiguration;
			buildSettings = {
				ALWAYS_EMBED_SWIFT_STANDARD_LIBRARIES = YES;
				ASSETCATALOG_COMPILER_APPICON_NAME = AppIcon;
				ASSETCATALOG_COMPILER_GLOBAL_ACCENT_COLOR_NAME = AccentColor;
				CODE_SIGN_ENTITLEMENTS = DrillBuddy/DrillBuddy.entitlements;
				CODE_SIGN_STYLE = Automatic;
				CURRENT_PROJECT_VERSION = 1;
				DEVELOPMENT_ASSET_PATHS = "\"DrillBuddy/Preview Content\"";
				DEVELOPMENT_TEAM = JL6XT94C4X;
				ENABLE_HARDENED_RUNTIME = YES;
				ENABLE_PREVIEWS = YES;
				GENERATE_INFOPLIST_FILE = YES;
				INFOPLIST_FILE = DrillBuddy/Info.plist;
				INFOPLIST_KEY_NSMicrophoneUsageDescription = "Microphone access is required to record when shots happens";
				"INFOPLIST_KEY_UIApplicationSceneManifest_Generation[sdk=iphoneos*]" = YES;
				"INFOPLIST_KEY_UIApplicationSceneManifest_Generation[sdk=iphonesimulator*]" = YES;
				"INFOPLIST_KEY_UIApplicationSupportsIndirectInputEvents[sdk=iphoneos*]" = YES;
				"INFOPLIST_KEY_UIApplicationSupportsIndirectInputEvents[sdk=iphonesimulator*]" = YES;
				"INFOPLIST_KEY_UILaunchScreen_Generation[sdk=iphoneos*]" = YES;
				"INFOPLIST_KEY_UILaunchScreen_Generation[sdk=iphonesimulator*]" = YES;
				INFOPLIST_KEY_UILaunchStoryboardName = LaunchScreenStoryboard.storyboard;
				"INFOPLIST_KEY_UIStatusBarStyle[sdk=iphoneos*]" = UIStatusBarStyleDefault;
				"INFOPLIST_KEY_UIStatusBarStyle[sdk=iphonesimulator*]" = UIStatusBarStyleDefault;
				INFOPLIST_KEY_UISupportedInterfaceOrientations_iPad = "UIInterfaceOrientationPortrait UIInterfaceOrientationPortraitUpsideDown UIInterfaceOrientationLandscapeLeft UIInterfaceOrientationLandscapeRight";
				INFOPLIST_KEY_UISupportedInterfaceOrientations_iPhone = "UIInterfaceOrientationPortrait UIInterfaceOrientationLandscapeLeft UIInterfaceOrientationLandscapeRight";
				IPHONEOS_DEPLOYMENT_TARGET = 17.0;
				LD_RUNPATH_SEARCH_PATHS = "@executable_path/Frameworks";
				"LD_RUNPATH_SEARCH_PATHS[sdk=macosx*]" = "@executable_path/../Frameworks";
				MACOSX_DEPLOYMENT_TARGET = 14.0;
				MARKETING_VERSION = 1.0;
				PRODUCT_BUNDLE_IDENTIFIER = com.bakehouse.DrillBuddy;
				PRODUCT_NAME = "$(TARGET_NAME)";
				SDKROOT = auto;
				SUPPORTED_PLATFORMS = "iphoneos iphonesimulator macosx";
				SWIFT_EMIT_LOC_STRINGS = YES;
				SWIFT_VERSION = 5.0;
				TARGETED_DEVICE_FAMILY = "1,2";
			};
			name = Debug;
		};
		75D113662ABE2E7B00BF8874 /* Release */ = {
			isa = XCBuildConfiguration;
			buildSettings = {
				ALWAYS_EMBED_SWIFT_STANDARD_LIBRARIES = YES;
				ASSETCATALOG_COMPILER_APPICON_NAME = AppIcon;
				ASSETCATALOG_COMPILER_GLOBAL_ACCENT_COLOR_NAME = AccentColor;
				CODE_SIGN_ENTITLEMENTS = DrillBuddy/DrillBuddy.entitlements;
				CODE_SIGN_STYLE = Automatic;
				CURRENT_PROJECT_VERSION = 1;
				DEVELOPMENT_ASSET_PATHS = "\"DrillBuddy/Preview Content\"";
				DEVELOPMENT_TEAM = JL6XT94C4X;
				ENABLE_HARDENED_RUNTIME = YES;
				ENABLE_PREVIEWS = YES;
				GENERATE_INFOPLIST_FILE = YES;
				INFOPLIST_FILE = DrillBuddy/Info.plist;
				INFOPLIST_KEY_NSMicrophoneUsageDescription = "Microphone access is required to record when shots happens";
				"INFOPLIST_KEY_UIApplicationSceneManifest_Generation[sdk=iphoneos*]" = YES;
				"INFOPLIST_KEY_UIApplicationSceneManifest_Generation[sdk=iphonesimulator*]" = YES;
				"INFOPLIST_KEY_UIApplicationSupportsIndirectInputEvents[sdk=iphoneos*]" = YES;
				"INFOPLIST_KEY_UIApplicationSupportsIndirectInputEvents[sdk=iphonesimulator*]" = YES;
				"INFOPLIST_KEY_UILaunchScreen_Generation[sdk=iphoneos*]" = YES;
				"INFOPLIST_KEY_UILaunchScreen_Generation[sdk=iphonesimulator*]" = YES;
				INFOPLIST_KEY_UILaunchStoryboardName = LaunchScreenStoryboard.storyboard;
				"INFOPLIST_KEY_UIStatusBarStyle[sdk=iphoneos*]" = UIStatusBarStyleDefault;
				"INFOPLIST_KEY_UIStatusBarStyle[sdk=iphonesimulator*]" = UIStatusBarStyleDefault;
				INFOPLIST_KEY_UISupportedInterfaceOrientations_iPad = "UIInterfaceOrientationPortrait UIInterfaceOrientationPortraitUpsideDown UIInterfaceOrientationLandscapeLeft UIInterfaceOrientationLandscapeRight";
				INFOPLIST_KEY_UISupportedInterfaceOrientations_iPhone = "UIInterfaceOrientationPortrait UIInterfaceOrientationLandscapeLeft UIInterfaceOrientationLandscapeRight";
				IPHONEOS_DEPLOYMENT_TARGET = 17.0;
				LD_RUNPATH_SEARCH_PATHS = "@executable_path/Frameworks";
				"LD_RUNPATH_SEARCH_PATHS[sdk=macosx*]" = "@executable_path/../Frameworks";
				MACOSX_DEPLOYMENT_TARGET = 14.0;
				MARKETING_VERSION = 1.0;
				PRODUCT_BUNDLE_IDENTIFIER = com.bakehouse.DrillBuddy;
				PRODUCT_NAME = "$(TARGET_NAME)";
				SDKROOT = auto;
				SUPPORTED_PLATFORMS = "iphoneos iphonesimulator macosx";
				SWIFT_EMIT_LOC_STRINGS = YES;
				SWIFT_VERSION = 5.0;
				TARGETED_DEVICE_FAMILY = "1,2";
			};
			name = Release;
		};
/* End XCBuildConfiguration section */

/* Begin XCConfigurationList section */
		751CBCBC2ABE7AB000141805 /* Build configuration list for PBXNativeTarget "DrillBuddy Watch App" */ = {
			isa = XCConfigurationList;
			buildConfigurations = (
				751CBCBA2ABE7AB000141805 /* Debug */,
				751CBCBB2ABE7AB000141805 /* Release */,
			);
			defaultConfigurationIsVisible = 0;
			defaultConfigurationName = Release;
		};
		75D1134D2ABE2E7500BF8874 /* Build configuration list for PBXProject "DrillBuddy" */ = {
			isa = XCConfigurationList;
			buildConfigurations = (
				75D113622ABE2E7B00BF8874 /* Debug */,
				75D113632ABE2E7B00BF8874 /* Release */,
			);
			defaultConfigurationIsVisible = 0;
			defaultConfigurationName = Release;
		};
		75D113642ABE2E7B00BF8874 /* Build configuration list for PBXNativeTarget "DrillBuddy" */ = {
			isa = XCConfigurationList;
			buildConfigurations = (
				75D113652ABE2E7B00BF8874 /* Debug */,
				75D113662ABE2E7B00BF8874 /* Release */,
			);
			defaultConfigurationIsVisible = 0;
			defaultConfigurationName = Release;
		};
/* End XCConfigurationList section */

/* Begin XCRemoteSwiftPackageReference section */
		FE5F223A2AF2E7A600C83412 /* XCRemoteSwiftPackageReference "firebase-ios-sdk" */ = {
			isa = XCRemoteSwiftPackageReference;
			repositoryURL = "https://github.com/firebase/firebase-ios-sdk";
			requirement = {
				kind = upToNextMajorVersion;
				minimumVersion = 10.17.0;
			};
		};
/* End XCRemoteSwiftPackageReference section */

/* Begin XCSwiftPackageProductDependency section */
		FE5C20282B00796C008A9B1A /* FirebaseCrashlytics */ = {
			isa = XCSwiftPackageProductDependency;
			package = FE5F223A2AF2E7A600C83412 /* XCRemoteSwiftPackageReference "firebase-ios-sdk" */;
			productName = FirebaseCrashlytics;
		};
		FE5F223B2AF2E7A600C83412 /* FirebaseAnalytics */ = {
			isa = XCSwiftPackageProductDependency;
			package = FE5F223A2AF2E7A600C83412 /* XCRemoteSwiftPackageReference "firebase-ios-sdk" */;
			productName = FirebaseAnalytics;
		};
		FE5F223F2AF2E7A600C83412 /* FirebaseAnalyticsWithoutAdIdSupport */ = {
			isa = XCSwiftPackageProductDependency;
			package = FE5F223A2AF2E7A600C83412 /* XCRemoteSwiftPackageReference "firebase-ios-sdk" */;
			productName = FirebaseAnalyticsWithoutAdIdSupport;
		};
		FE5F22412AF2E7A600C83412 /* FirebaseAuth */ = {
			isa = XCSwiftPackageProductDependency;
			package = FE5F223A2AF2E7A600C83412 /* XCRemoteSwiftPackageReference "firebase-ios-sdk" */;
			productName = FirebaseAuth;
		};
		FE5F22432AF2E7A600C83412 /* FirebaseAuthCombine-Community */ = {
			isa = XCSwiftPackageProductDependency;
			package = FE5F223A2AF2E7A600C83412 /* XCRemoteSwiftPackageReference "firebase-ios-sdk" */;
			productName = "FirebaseAuthCombine-Community";
		};
		FE5F22452AF2E7A600C83412 /* FirebaseFirestore */ = {
			isa = XCSwiftPackageProductDependency;
			package = FE5F223A2AF2E7A600C83412 /* XCRemoteSwiftPackageReference "firebase-ios-sdk" */;
			productName = FirebaseFirestore;
		};
		FE5F22472AF2E7A600C83412 /* FirebaseFirestoreCombine-Community */ = {
			isa = XCSwiftPackageProductDependency;
			package = FE5F223A2AF2E7A600C83412 /* XCRemoteSwiftPackageReference "firebase-ios-sdk" */;
			productName = "FirebaseFirestoreCombine-Community";
		};
		FE5F22492AF2E7A600C83412 /* FirebaseFirestoreSwift */ = {
			isa = XCSwiftPackageProductDependency;
			package = FE5F223A2AF2E7A600C83412 /* XCRemoteSwiftPackageReference "firebase-ios-sdk" */;
			productName = FirebaseFirestoreSwift;
		};
		FE5F224B2AF2E7A600C83412 /* FirebaseRemoteConfig */ = {
			isa = XCSwiftPackageProductDependency;
			package = FE5F223A2AF2E7A600C83412 /* XCRemoteSwiftPackageReference "firebase-ios-sdk" */;
			productName = FirebaseRemoteConfig;
		};
		FE5F224D2AF2E7A600C83412 /* FirebaseRemoteConfigSwift */ = {
			isa = XCSwiftPackageProductDependency;
			package = FE5F223A2AF2E7A600C83412 /* XCRemoteSwiftPackageReference "firebase-ios-sdk" */;
			productName = FirebaseRemoteConfigSwift;
		};
/* End XCSwiftPackageProductDependency section */
	};
	rootObject = 75D1134A2ABE2E7500BF8874 /* Project object */;
}
